// !$*UTF8*$!
{
	archiveVersion = 1;
	classes = {
	};
	objectVersion = 77;
	objects = {

/* Begin PBXBuildFile section */
		27C344392CFA7BC300C3689A /* Debug.cpp in Sources */ = {isa = PBXBuildFile; fileRef = 274507012CFA5227001A9F64 /* Debug.cpp */; };
		27C3443B2CFA7BCA00C3689A /* libMLU.dylib in Frameworks */ = {isa = PBXBuildFile; fileRef = 27C3441C2CFA7AC500C3689A /* libMLU.dylib */; };
		27C344472CFA7C0D00C3689A /* GaugeCmp.cpp in Sources */ = {isa = PBXBuildFile; fileRef = 274507022CFA5227001A9F64 /* GaugeCmp.cpp */; };
		27C344482CFA7C1300C3689A /* libMLU.dylib in Frameworks */ = {isa = PBXBuildFile; fileRef = 27C3441C2CFA7AC500C3689A /* libMLU.dylib */; };
		27C344542CFA7C5900C3689A /* hlxml.cpp in Sources */ = {isa = PBXBuildFile; fileRef = 274507052CFA5227001A9F64 /* hlxml.cpp */; };
		27C344552CFA7C5F00C3689A /* libMLU.dylib in Frameworks */ = {isa = PBXBuildFile; fileRef = 27C3441C2CFA7AC500C3689A /* libMLU.dylib */; };
		27C344612CFA7C9C00C3689A /* lime_truncate.c in Sources */ = {isa = PBXBuildFile; fileRef = 274507062CFA5227001A9F64 /* lime_truncate.c */; };
		27C3446D2CFA7CDE00C3689A /* peramb-compare.cpp in Sources */ = {isa = PBXBuildFile; fileRef = 274507092CFA5227001A9F64 /* peramb-compare.cpp */; };
		27C3446E2CFA7CE400C3689A /* libMLU.dylib in Frameworks */ = {isa = PBXBuildFile; fileRef = 27C3441C2CFA7AC500C3689A /* libMLU.dylib */; };
		27C3447A2CFA7D1B00C3689A /* TensorDemo.cpp in Sources */ = {isa = PBXBuildFile; fileRef = 2745070A2CFA5227001A9F64 /* TensorDemo.cpp */; };
		27C3447B2CFA7D1F00C3689A /* libMLU.dylib in Frameworks */ = {isa = PBXBuildFile; fileRef = 27C3441C2CFA7AC500C3689A /* libMLU.dylib */; };
		27C344872CFA7D6F00C3689A /* HadronsApp.cpp in Sources */ = {isa = PBXBuildFile; fileRef = 274507042CFA5227001A9F64 /* HadronsApp.cpp */; };
		27C344882CFA7D6F00C3689A /* xml3pt.cpp in Sources */ = {isa = PBXBuildFile; fileRef = 2745070C2CFA5227001A9F64 /* xml3pt.cpp */; };
		27C344892CFA7D7600C3689A /* libMLU.dylib in Frameworks */ = {isa = PBXBuildFile; fileRef = 27C3441C2CFA7AC500C3689A /* libMLU.dylib */; };
		27C344952CFA7DB500C3689A /* xmlGFWall.cpp in Sources */ = {isa = PBXBuildFile; fileRef = 2745070D2CFA5227001A9F64 /* xmlGFWall.cpp */; };
		27C344962CFA7DBA00C3689A /* libMLU.dylib in Frameworks */ = {isa = PBXBuildFile; fileRef = 27C3441C2CFA7AC500C3689A /* libMLU.dylib */; };
		27C344A22CFA7DF500C3689A /* xmlPeramb.cpp in Sources */ = {isa = PBXBuildFile; fileRef = 2745070E2CFA5227001A9F64 /* xmlPeramb.cpp */; };
		27C344A32CFA7DFA00C3689A /* libMLU.dylib in Frameworks */ = {isa = PBXBuildFile; fileRef = 27C3441C2CFA7AC500C3689A /* libMLU.dylib */; };
		27C344AF2CFA7E2F00C3689A /* xmlZ2.cpp in Sources */ = {isa = PBXBuildFile; fileRef = 2745070F2CFA5227001A9F64 /* xmlZ2.cpp */; };
		27C344B02CFA7E3400C3689A /* libMLU.dylib in Frameworks */ = {isa = PBXBuildFile; fileRef = 27C3441C2CFA7AC500C3689A /* libMLU.dylib */; };
/* End PBXBuildFile section */

/* Begin PBXContainerItemProxy section */
		27C3441B2CFA7AC500C3689A /* PBXContainerItemProxy */ = {
			isa = PBXContainerItemProxy;
			containerPortal = 274507142CFA5273001A9F64 /* MLU.xcodeproj */;
			proxyType = 2;
			remoteGlobalIDString = 2745057E2CFA48C5001A9F64;
			remoteInfo = MLU;
		};
/* End PBXContainerItemProxy section */

/* Begin PBXCopyFilesBuildPhase section */
		274CBABB2CFA37F0009091B8 /* CopyFiles */ = {
			isa = PBXCopyFilesBuildPhase;
			buildActionMask = 2147483647;
			dstPath = /usr/share/man/man1/;
			dstSubfolderSpec = 0;
			files = (
			);
			runOnlyForDeploymentPostprocessing = 1;
		};
		27C3443E2CFA7BF100C3689A /* CopyFiles */ = {
			isa = PBXCopyFilesBuildPhase;
			buildActionMask = 2147483647;
			dstPath = /usr/share/man/man1/;
			dstSubfolderSpec = 0;
			files = (
			);
			runOnlyForDeploymentPostprocessing = 1;
		};
		27C3444B2CFA7C4300C3689A /* CopyFiles */ = {
			isa = PBXCopyFilesBuildPhase;
			buildActionMask = 2147483647;
			dstPath = /usr/share/man/man1/;
			dstSubfolderSpec = 0;
			files = (
			);
			runOnlyForDeploymentPostprocessing = 1;
		};
		27C344582CFA7C8600C3689A /* CopyFiles */ = {
			isa = PBXCopyFilesBuildPhase;
			buildActionMask = 2147483647;
			dstPath = /usr/share/man/man1/;
			dstSubfolderSpec = 0;
			files = (
			);
			runOnlyForDeploymentPostprocessing = 1;
		};
		27C344642CFA7CC800C3689A /* CopyFiles */ = {
			isa = PBXCopyFilesBuildPhase;
			buildActionMask = 2147483647;
			dstPath = /usr/share/man/man1/;
			dstSubfolderSpec = 0;
			files = (
			);
			runOnlyForDeploymentPostprocessing = 1;
		};
		27C344712CFA7D0700C3689A /* CopyFiles */ = {
			isa = PBXCopyFilesBuildPhase;
			buildActionMask = 2147483647;
			dstPath = /usr/share/man/man1/;
			dstSubfolderSpec = 0;
			files = (
			);
			runOnlyForDeploymentPostprocessing = 1;
		};
		27C3447E2CFA7D5500C3689A /* CopyFiles */ = {
			isa = PBXCopyFilesBuildPhase;
			buildActionMask = 2147483647;
			dstPath = /usr/share/man/man1/;
			dstSubfolderSpec = 0;
			files = (
			);
			runOnlyForDeploymentPostprocessing = 1;
		};
		27C3448C2CFA7DA100C3689A /* CopyFiles */ = {
			isa = PBXCopyFilesBuildPhase;
			buildActionMask = 2147483647;
			dstPath = /usr/share/man/man1/;
			dstSubfolderSpec = 0;
			files = (
			);
			runOnlyForDeploymentPostprocessing = 1;
		};
		27C344992CFA7DDE00C3689A /* CopyFiles */ = {
			isa = PBXCopyFilesBuildPhase;
			buildActionMask = 2147483647;
			dstPath = /usr/share/man/man1/;
			dstSubfolderSpec = 0;
			files = (
			);
			runOnlyForDeploymentPostprocessing = 1;
		};
		27C344A62CFA7E1900C3689A /* CopyFiles */ = {
			isa = PBXCopyFilesBuildPhase;
			buildActionMask = 2147483647;
			dstPath = /usr/share/man/man1/;
			dstSubfolderSpec = 0;
			files = (
			);
			runOnlyForDeploymentPostprocessing = 1;
		};
/* End PBXCopyFilesBuildPhase section */

/* Begin PBXFileReference section */
		274506F92CFA5227001A9F64 /* bootstrap.sh */ = {isa = PBXFileReference; lastKnownFileType = text.script.sh; path = bootstrap.sh; sourceTree = "<group>"; };
		274506FA2CFA5227001A9F64 /* Clean.sh */ = {isa = PBXFileReference; lastKnownFileType = text.script.sh; path = Clean.sh; sourceTree = "<group>"; };
		274506FB2CFA5227001A9F64 /* ConfigAll.sh */ = {isa = PBXFileReference; lastKnownFileType = text.script.sh; path = ConfigAll.sh; sourceTree = "<group>"; };
		274506FC2CFA5227001A9F64 /* ConfigSemiLep.sh */ = {isa = PBXFileReference; lastKnownFileType = text.script.sh; path = ConfigSemiLep.sh; sourceTree = "<group>"; };
		274506FD2CFA5227001A9F64 /* configure.ac */ = {isa = PBXFileReference; lastKnownFileType = text; path = configure.ac; sourceTree = "<group>"; };
		274506FE2CFA5227001A9F64 /* LICENSE */ = {isa = PBXFileReference; lastKnownFileType = text; path = LICENSE; sourceTree = "<group>"; };
		274506FF2CFA5227001A9F64 /* Makefile.am */ = {isa = PBXFileReference; lastKnownFileType = text; path = Makefile.am; sourceTree = "<group>"; };
		274507002CFA5227001A9F64 /* readme.md */ = {isa = PBXFileReference; lastKnownFileType = net.daringfireball.markdown; path = readme.md; sourceTree = "<group>"; };
		274507012CFA5227001A9F64 /* Debug.cpp */ = {isa = PBXFileReference; lastKnownFileType = sourcecode.cpp.cpp; path = Debug.cpp; sourceTree = "<group>"; };
		274507022CFA5227001A9F64 /* GaugeCmp.cpp */ = {isa = PBXFileReference; lastKnownFileType = sourcecode.cpp.cpp; path = GaugeCmp.cpp; sourceTree = "<group>"; };
		274507032CFA5227001A9F64 /* HadronsApp.hpp */ = {isa = PBXFileReference; lastKnownFileType = sourcecode.cpp.h; path = HadronsApp.hpp; sourceTree = "<group>"; };
		274507042CFA5227001A9F64 /* HadronsApp.cpp */ = {isa = PBXFileReference; lastKnownFileType = sourcecode.cpp.cpp; path = HadronsApp.cpp; sourceTree = "<group>"; };
		274507052CFA5227001A9F64 /* hlxml.cpp */ = {isa = PBXFileReference; lastKnownFileType = sourcecode.cpp.cpp; path = hlxml.cpp; sourceTree = "<group>"; };
		274507062CFA5227001A9F64 /* lime_truncate.c */ = {isa = PBXFileReference; lastKnownFileType = sourcecode.c.c; path = lime_truncate.c; sourceTree = "<group>"; };
		274507072CFA5227001A9F64 /* Makefile.am */ = {isa = PBXFileReference; lastKnownFileType = text; path = Makefile.am; sourceTree = "<group>"; };
		274507082CFA5227001A9F64 /* Makefile.in */ = {isa = PBXFileReference; lastKnownFileType = text; path = Makefile.in; sourceTree = "<group>"; };
		274507092CFA5227001A9F64 /* peramb-compare.cpp */ = {isa = PBXFileReference; lastKnownFileType = sourcecode.cpp.cpp; path = "peramb-compare.cpp"; sourceTree = "<group>"; };
		2745070A2CFA5227001A9F64 /* TensorDemo.cpp */ = {isa = PBXFileReference; lastKnownFileType = sourcecode.cpp.cpp; path = TensorDemo.cpp; sourceTree = "<group>"; };
		2745070B2CFA5227001A9F64 /* xml3pt.hpp */ = {isa = PBXFileReference; lastKnownFileType = sourcecode.cpp.h; path = xml3pt.hpp; sourceTree = "<group>"; };
		2745070C2CFA5227001A9F64 /* xml3pt.cpp */ = {isa = PBXFileReference; lastKnownFileType = sourcecode.cpp.cpp; path = xml3pt.cpp; sourceTree = "<group>"; };
		2745070D2CFA5227001A9F64 /* xmlGFWall.cpp */ = {isa = PBXFileReference; lastKnownFileType = sourcecode.cpp.cpp; path = xmlGFWall.cpp; sourceTree = "<group>"; };
		2745070E2CFA5227001A9F64 /* xmlPeramb.cpp */ = {isa = PBXFileReference; lastKnownFileType = sourcecode.cpp.cpp; path = xmlPeramb.cpp; sourceTree = "<group>"; };
		2745070F2CFA5227001A9F64 /* xmlZ2.cpp */ = {isa = PBXFileReference; lastKnownFileType = sourcecode.cpp.cpp; path = xmlZ2.cpp; sourceTree = "<group>"; };
		274507112CFA5227001A9F64 /* GaugeFix.xml */ = {isa = PBXFileReference; lastKnownFileType = text.xml; path = GaugeFix.xml; sourceTree = "<group>"; };
		274507122CFA5227001A9F64 /* xml3pt.xml */ = {isa = PBXFileReference; lastKnownFileType = text.xml; path = xml3pt.xml; sourceTree = "<group>"; };
		274507142CFA5273001A9F64 /* MLU.xcodeproj */ = {isa = PBXFileReference; lastKnownFileType = "wrapper.pb-project"; name = MLU.xcodeproj; path = MLU/MLU.xcodeproj; sourceTree = "<group>"; };
		274CBABD2CFA37F0009091B8 /* Debug */ = {isa = PBXFileReference; explicitFileType = "compiled.mach-o.executable"; includeInIndex = 0; path = Debug; sourceTree = BUILT_PRODUCTS_DIR; };
		27C344402CFA7BF100C3689A /* GaugeCmp */ = {isa = PBXFileReference; explicitFileType = "compiled.mach-o.executable"; includeInIndex = 0; path = GaugeCmp; sourceTree = BUILT_PRODUCTS_DIR; };
		27C3444D2CFA7C4300C3689A /* hlxml */ = {isa = PBXFileReference; explicitFileType = "compiled.mach-o.executable"; includeInIndex = 0; path = hlxml; sourceTree = BUILT_PRODUCTS_DIR; };
		27C3445A2CFA7C8600C3689A /* lime_truncate */ = {isa = PBXFileReference; explicitFileType = "compiled.mach-o.executable"; includeInIndex = 0; path = lime_truncate; sourceTree = BUILT_PRODUCTS_DIR; };
		27C344662CFA7CC800C3689A /* peramb-compare */ = {isa = PBXFileReference; explicitFileType = "compiled.mach-o.executable"; includeInIndex = 0; path = "peramb-compare"; sourceTree = BUILT_PRODUCTS_DIR; };
		27C344732CFA7D0700C3689A /* TensorDemo */ = {isa = PBXFileReference; explicitFileType = "compiled.mach-o.executable"; includeInIndex = 0; path = TensorDemo; sourceTree = BUILT_PRODUCTS_DIR; };
		27C344802CFA7D5500C3689A /* xml3pt */ = {isa = PBXFileReference; explicitFileType = "compiled.mach-o.executable"; includeInIndex = 0; path = xml3pt; sourceTree = BUILT_PRODUCTS_DIR; };
		27C3448E2CFA7DA100C3689A /* xmlGFWall */ = {isa = PBXFileReference; explicitFileType = "compiled.mach-o.executable"; includeInIndex = 0; path = xmlGFWall; sourceTree = BUILT_PRODUCTS_DIR; };
		27C3449B2CFA7DDE00C3689A /* xmlPeramb */ = {isa = PBXFileReference; explicitFileType = "compiled.mach-o.executable"; includeInIndex = 0; path = xmlPeramb; sourceTree = BUILT_PRODUCTS_DIR; };
		27C344A82CFA7E1900C3689A /* xmlZ2 */ = {isa = PBXFileReference; explicitFileType = "compiled.mach-o.executable"; includeInIndex = 0; path = xmlZ2; sourceTree = BUILT_PRODUCTS_DIR; };
/* End PBXFileReference section */

/* Begin PBXFrameworksBuildPhase section */
		274CBABA2CFA37F0009091B8 /* Frameworks */ = {
			isa = PBXFrameworksBuildPhase;
			buildActionMask = 2147483647;
			files = (
				27C3443B2CFA7BCA00C3689A /* libMLU.dylib in Frameworks */,
			);
			runOnlyForDeploymentPostprocessing = 0;
		};
		27C3443D2CFA7BF100C3689A /* Frameworks */ = {
			isa = PBXFrameworksBuildPhase;
			buildActionMask = 2147483647;
			files = (
				27C344482CFA7C1300C3689A /* libMLU.dylib in Frameworks */,
			);
			runOnlyForDeploymentPostprocessing = 0;
		};
		27C3444A2CFA7C4300C3689A /* Frameworks */ = {
			isa = PBXFrameworksBuildPhase;
			buildActionMask = 2147483647;
			files = (
				27C344552CFA7C5F00C3689A /* libMLU.dylib in Frameworks */,
			);
			runOnlyForDeploymentPostprocessing = 0;
		};
		27C344572CFA7C8600C3689A /* Frameworks */ = {
			isa = PBXFrameworksBuildPhase;
			buildActionMask = 2147483647;
			files = (
			);
			runOnlyForDeploymentPostprocessing = 0;
		};
		27C344632CFA7CC800C3689A /* Frameworks */ = {
			isa = PBXFrameworksBuildPhase;
			buildActionMask = 2147483647;
			files = (
				27C3446E2CFA7CE400C3689A /* libMLU.dylib in Frameworks */,
			);
			runOnlyForDeploymentPostprocessing = 0;
		};
		27C344702CFA7D0700C3689A /* Frameworks */ = {
			isa = PBXFrameworksBuildPhase;
			buildActionMask = 2147483647;
			files = (
				27C3447B2CFA7D1F00C3689A /* libMLU.dylib in Frameworks */,
			);
			runOnlyForDeploymentPostprocessing = 0;
		};
		27C3447D2CFA7D5500C3689A /* Frameworks */ = {
			isa = PBXFrameworksBuildPhase;
			buildActionMask = 2147483647;
			files = (
				27C344892CFA7D7600C3689A /* libMLU.dylib in Frameworks */,
			);
			runOnlyForDeploymentPostprocessing = 0;
		};
		27C3448B2CFA7DA100C3689A /* Frameworks */ = {
			isa = PBXFrameworksBuildPhase;
			buildActionMask = 2147483647;
			files = (
				27C344962CFA7DBA00C3689A /* libMLU.dylib in Frameworks */,
			);
			runOnlyForDeploymentPostprocessing = 0;
		};
		27C344982CFA7DDE00C3689A /* Frameworks */ = {
			isa = PBXFrameworksBuildPhase;
			buildActionMask = 2147483647;
			files = (
				27C344A32CFA7DFA00C3689A /* libMLU.dylib in Frameworks */,
			);
			runOnlyForDeploymentPostprocessing = 0;
		};
		27C344A52CFA7E1900C3689A /* Frameworks */ = {
			isa = PBXFrameworksBuildPhase;
			buildActionMask = 2147483647;
			files = (
				27C344B02CFA7E3400C3689A /* libMLU.dylib in Frameworks */,
			);
			runOnlyForDeploymentPostprocessing = 0;
		};
/* End PBXFrameworksBuildPhase section */

/* Begin PBXGroup section */
		274507102CFA5227001A9F64 /* SemiLep */ = {
			isa = PBXGroup;
			children = (
				274507012CFA5227001A9F64 /* Debug.cpp */,
				274507022CFA5227001A9F64 /* GaugeCmp.cpp */,
				274507032CFA5227001A9F64 /* HadronsApp.hpp */,
				274507042CFA5227001A9F64 /* HadronsApp.cpp */,
				274507052CFA5227001A9F64 /* hlxml.cpp */,
				274507062CFA5227001A9F64 /* lime_truncate.c */,
				274507072CFA5227001A9F64 /* Makefile.am */,
				274507082CFA5227001A9F64 /* Makefile.in */,
				274507092CFA5227001A9F64 /* peramb-compare.cpp */,
				2745070A2CFA5227001A9F64 /* TensorDemo.cpp */,
				2745070B2CFA5227001A9F64 /* xml3pt.hpp */,
				2745070C2CFA5227001A9F64 /* xml3pt.cpp */,
				2745070D2CFA5227001A9F64 /* xmlGFWall.cpp */,
				2745070E2CFA5227001A9F64 /* xmlPeramb.cpp */,
				2745070F2CFA5227001A9F64 /* xmlZ2.cpp */,
			);
			path = SemiLep;
			sourceTree = "<group>";
		};
		274507132CFA5227001A9F64 /* Xml */ = {
			isa = PBXGroup;
			children = (
				274507112CFA5227001A9F64 /* GaugeFix.xml */,
				274507122CFA5227001A9F64 /* xml3pt.xml */,
			);
			path = Xml;
			sourceTree = "<group>";
		};
		274507152CFA5273001A9F64 /* Products */ = {
			isa = PBXGroup;
			children = (
				27C3441C2CFA7AC500C3689A /* libMLU.dylib */,
			);
			name = Products;
			sourceTree = "<group>";
		};
		274CBAB42CFA37EF009091B8 = {
			isa = PBXGroup;
			children = (
				274507142CFA5273001A9F64 /* MLU.xcodeproj */,
				274507102CFA5227001A9F64 /* SemiLep */,
				274507132CFA5227001A9F64 /* Xml */,
				274506F92CFA5227001A9F64 /* bootstrap.sh */,
				274506FA2CFA5227001A9F64 /* Clean.sh */,
				274506FB2CFA5227001A9F64 /* ConfigAll.sh */,
				274506FC2CFA5227001A9F64 /* ConfigSemiLep.sh */,
				274506FD2CFA5227001A9F64 /* configure.ac */,
				274506FE2CFA5227001A9F64 /* LICENSE */,
				274506FF2CFA5227001A9F64 /* Makefile.am */,
				274507002CFA5227001A9F64 /* readme.md */,
				27C3443A2CFA7BCA00C3689A /* Frameworks */,
				274CBABE2CFA37F0009091B8 /* Products */,
			);
			sourceTree = "<group>";
		};
		274CBABE2CFA37F0009091B8 /* Products */ = {
			isa = PBXGroup;
			children = (
				274CBABD2CFA37F0009091B8 /* Debug */,
				27C344402CFA7BF100C3689A /* GaugeCmp */,
				27C3444D2CFA7C4300C3689A /* hlxml */,
				27C3445A2CFA7C8600C3689A /* lime_truncate */,
				27C344662CFA7CC800C3689A /* peramb-compare */,
				27C344732CFA7D0700C3689A /* TensorDemo */,
				27C344802CFA7D5500C3689A /* xml3pt */,
				27C3448E2CFA7DA100C3689A /* xmlGFWall */,
				27C3449B2CFA7DDE00C3689A /* xmlPeramb */,
				27C344A82CFA7E1900C3689A /* xmlZ2 */,
			);
			name = Products;
			sourceTree = "<group>";
		};
		27C3443A2CFA7BCA00C3689A /* Frameworks */ = {
			isa = PBXGroup;
			children = (
			);
			name = Frameworks;
			sourceTree = "<group>";
		};
/* End PBXGroup section */

/* Begin PBXNativeTarget section */
		274CBABC2CFA37F0009091B8 /* Debug */ = {
			isa = PBXNativeTarget;
			buildConfigurationList = 274CBAC42CFA37F0009091B8 /* Build configuration list for PBXNativeTarget "Debug" */;
			buildPhases = (
				274CBAB92CFA37F0009091B8 /* Sources */,
				274CBABA2CFA37F0009091B8 /* Frameworks */,
				274CBABB2CFA37F0009091B8 /* CopyFiles */,
			);
			buildRules = (
			);
			dependencies = (
			);
			name = Debug;
			packageProductDependencies = (
			);
			productName = SemiLep;
			productReference = 274CBABD2CFA37F0009091B8 /* Debug */;
			productType = "com.apple.product-type.tool";
		};
		27C3443F2CFA7BF100C3689A /* GaugeCmp */ = {
			isa = PBXNativeTarget;
			buildConfigurationList = 27C344442CFA7BF100C3689A /* Build configuration list for PBXNativeTarget "GaugeCmp" */;
			buildPhases = (
				27C3443C2CFA7BF100C3689A /* Sources */,
				27C3443D2CFA7BF100C3689A /* Frameworks */,
				27C3443E2CFA7BF100C3689A /* CopyFiles */,
			);
			buildRules = (
			);
			dependencies = (
			);
			name = GaugeCmp;
			packageProductDependencies = (
			);
			productName = GaugeCmp;
			productReference = 27C344402CFA7BF100C3689A /* GaugeCmp */;
			productType = "com.apple.product-type.tool";
		};
		27C3444C2CFA7C4300C3689A /* hlxml */ = {
			isa = PBXNativeTarget;
			buildConfigurationList = 27C344512CFA7C4300C3689A /* Build configuration list for PBXNativeTarget "hlxml" */;
			buildPhases = (
				27C344492CFA7C4300C3689A /* Sources */,
				27C3444A2CFA7C4300C3689A /* Frameworks */,
				27C3444B2CFA7C4300C3689A /* CopyFiles */,
			);
			buildRules = (
			);
			dependencies = (
			);
			name = hlxml;
			packageProductDependencies = (
			);
			productName = hlxml;
			productReference = 27C3444D2CFA7C4300C3689A /* hlxml */;
			productType = "com.apple.product-type.tool";
		};
		27C344592CFA7C8600C3689A /* lime_truncate */ = {
			isa = PBXNativeTarget;
			buildConfigurationList = 27C3445E2CFA7C8600C3689A /* Build configuration list for PBXNativeTarget "lime_truncate" */;
			buildPhases = (
				27C344562CFA7C8600C3689A /* Sources */,
				27C344572CFA7C8600C3689A /* Frameworks */,
				27C344582CFA7C8600C3689A /* CopyFiles */,
			);
			buildRules = (
			);
			dependencies = (
			);
			name = lime_truncate;
			packageProductDependencies = (
			);
			productName = lime_truncate;
			productReference = 27C3445A2CFA7C8600C3689A /* lime_truncate */;
			productType = "com.apple.product-type.tool";
		};
		27C344652CFA7CC800C3689A /* peramb-compare */ = {
			isa = PBXNativeTarget;
			buildConfigurationList = 27C3446A2CFA7CC800C3689A /* Build configuration list for PBXNativeTarget "peramb-compare" */;
			buildPhases = (
				27C344622CFA7CC800C3689A /* Sources */,
				27C344632CFA7CC800C3689A /* Frameworks */,
				27C344642CFA7CC800C3689A /* CopyFiles */,
			);
			buildRules = (
			);
			dependencies = (
			);
			name = "peramb-compare";
			packageProductDependencies = (
			);
			productName = "peramb-compare";
			productReference = 27C344662CFA7CC800C3689A /* peramb-compare */;
			productType = "com.apple.product-type.tool";
		};
		27C344722CFA7D0700C3689A /* TensorDemo */ = {
			isa = PBXNativeTarget;
			buildConfigurationList = 27C344772CFA7D0700C3689A /* Build configuration list for PBXNativeTarget "TensorDemo" */;
			buildPhases = (
				27C3446F2CFA7D0700C3689A /* Sources */,
				27C344702CFA7D0700C3689A /* Frameworks */,
				27C344712CFA7D0700C3689A /* CopyFiles */,
			);
			buildRules = (
			);
			dependencies = (
			);
			name = TensorDemo;
			packageProductDependencies = (
			);
			productName = TensorDemo;
			productReference = 27C344732CFA7D0700C3689A /* TensorDemo */;
			productType = "com.apple.product-type.tool";
		};
		27C3447F2CFA7D5500C3689A /* xml3pt */ = {
			isa = PBXNativeTarget;
			buildConfigurationList = 27C344842CFA7D5500C3689A /* Build configuration list for PBXNativeTarget "xml3pt" */;
			buildPhases = (
				27C3447C2CFA7D5500C3689A /* Sources */,
				27C3447D2CFA7D5500C3689A /* Frameworks */,
				27C3447E2CFA7D5500C3689A /* CopyFiles */,
			);
			buildRules = (
			);
			dependencies = (
			);
			name = xml3pt;
			packageProductDependencies = (
			);
			productName = xml3pt;
			productReference = 27C344802CFA7D5500C3689A /* xml3pt */;
			productType = "com.apple.product-type.tool";
		};
		27C3448D2CFA7DA100C3689A /* xmlGFWall */ = {
			isa = PBXNativeTarget;
			buildConfigurationList = 27C344922CFA7DA100C3689A /* Build configuration list for PBXNativeTarget "xmlGFWall" */;
			buildPhases = (
				27C3448A2CFA7DA100C3689A /* Sources */,
				27C3448B2CFA7DA100C3689A /* Frameworks */,
				27C3448C2CFA7DA100C3689A /* CopyFiles */,
			);
			buildRules = (
			);
			dependencies = (
			);
			name = xmlGFWall;
			packageProductDependencies = (
			);
			productName = xmlGFWall;
			productReference = 27C3448E2CFA7DA100C3689A /* xmlGFWall */;
			productType = "com.apple.product-type.tool";
		};
		27C3449A2CFA7DDE00C3689A /* xmlPeramb */ = {
			isa = PBXNativeTarget;
			buildConfigurationList = 27C3449F2CFA7DDE00C3689A /* Build configuration list for PBXNativeTarget "xmlPeramb" */;
			buildPhases = (
				27C344972CFA7DDE00C3689A /* Sources */,
				27C344982CFA7DDE00C3689A /* Frameworks */,
				27C344992CFA7DDE00C3689A /* CopyFiles */,
			);
			buildRules = (
			);
			dependencies = (
			);
			name = xmlPeramb;
			packageProductDependencies = (
			);
			productName = xmlPeramb;
			productReference = 27C3449B2CFA7DDE00C3689A /* xmlPeramb */;
			productType = "com.apple.product-type.tool";
		};
		27C344A72CFA7E1900C3689A /* xmlZ2 */ = {
			isa = PBXNativeTarget;
			buildConfigurationList = 27C344AC2CFA7E1900C3689A /* Build configuration list for PBXNativeTarget "xmlZ2" */;
			buildPhases = (
				27C344A42CFA7E1900C3689A /* Sources */,
				27C344A52CFA7E1900C3689A /* Frameworks */,
				27C344A62CFA7E1900C3689A /* CopyFiles */,
			);
			buildRules = (
			);
			dependencies = (
			);
			name = xmlZ2;
			packageProductDependencies = (
			);
			productName = xmlZ2;
			productReference = 27C344A82CFA7E1900C3689A /* xmlZ2 */;
			productType = "com.apple.product-type.tool";
		};
/* End PBXNativeTarget section */

/* Begin PBXProject section */
		274CBAB52CFA37EF009091B8 /* Project object */ = {
			isa = PBXProject;
			attributes = {
				BuildIndependentTargetsInParallel = 1;
				LastUpgradeCheck = 1610;
				TargetAttributes = {
					274CBABC2CFA37F0009091B8 = {
						CreatedOnToolsVersion = 16.1;
					};
					27C3443F2CFA7BF100C3689A = {
						CreatedOnToolsVersion = 16.1;
					};
					27C3444C2CFA7C4300C3689A = {
						CreatedOnToolsVersion = 16.1;
					};
					27C344592CFA7C8600C3689A = {
						CreatedOnToolsVersion = 16.1;
					};
					27C344652CFA7CC800C3689A = {
						CreatedOnToolsVersion = 16.1;
					};
					27C344722CFA7D0700C3689A = {
						CreatedOnToolsVersion = 16.1;
					};
					27C3447F2CFA7D5500C3689A = {
						CreatedOnToolsVersion = 16.1;
					};
					27C3448D2CFA7DA100C3689A = {
						CreatedOnToolsVersion = 16.1;
					};
					27C3449A2CFA7DDE00C3689A = {
						CreatedOnToolsVersion = 16.1;
					};
					27C344A72CFA7E1900C3689A = {
						CreatedOnToolsVersion = 16.1;
					};
				};
			};
			buildConfigurationList = 274CBAB82CFA37EF009091B8 /* Build configuration list for PBXProject "SemiLep" */;
			developmentRegion = en;
			hasScannedForEncodings = 0;
			knownRegions = (
				en,
				Base,
			);
			mainGroup = 274CBAB42CFA37EF009091B8;
			minimizedProjectReferenceProxies = 1;
			preferredProjectObjectVersion = 77;
			productRefGroup = 274CBABE2CFA37F0009091B8 /* Products */;
			projectDirPath = "";
			projectReferences = (
				{
					ProductGroup = 274507152CFA5273001A9F64 /* Products */;
					ProjectRef = 274507142CFA5273001A9F64 /* MLU.xcodeproj */;
				},
			);
			projectRoot = "";
			targets = (
				274CBABC2CFA37F0009091B8 /* Debug */,
				27C3443F2CFA7BF100C3689A /* GaugeCmp */,
				27C3444C2CFA7C4300C3689A /* hlxml */,
				27C344592CFA7C8600C3689A /* lime_truncate */,
				27C344652CFA7CC800C3689A /* peramb-compare */,
				27C344722CFA7D0700C3689A /* TensorDemo */,
				27C3447F2CFA7D5500C3689A /* xml3pt */,
				27C3448D2CFA7DA100C3689A /* xmlGFWall */,
				27C3449A2CFA7DDE00C3689A /* xmlPeramb */,
				27C344A72CFA7E1900C3689A /* xmlZ2 */,
			);
		};
/* End PBXProject section */

/* Begin PBXReferenceProxy section */
		27C3441C2CFA7AC500C3689A /* libMLU.dylib */ = {
			isa = PBXReferenceProxy;
			fileType = "compiled.mach-o.dylib";
			path = libMLU.dylib;
			remoteRef = 27C3441B2CFA7AC500C3689A /* PBXContainerItemProxy */;
			sourceTree = BUILT_PRODUCTS_DIR;
		};
/* End PBXReferenceProxy section */

/* Begin PBXSourcesBuildPhase section */
		274CBAB92CFA37F0009091B8 /* Sources */ = {
			isa = PBXSourcesBuildPhase;
			buildActionMask = 2147483647;
			files = (
				27C344392CFA7BC300C3689A /* Debug.cpp in Sources */,
			);
			runOnlyForDeploymentPostprocessing = 0;
		};
		27C3443C2CFA7BF100C3689A /* Sources */ = {
			isa = PBXSourcesBuildPhase;
			buildActionMask = 2147483647;
			files = (
				27C344472CFA7C0D00C3689A /* GaugeCmp.cpp in Sources */,
			);
			runOnlyForDeploymentPostprocessing = 0;
		};
		27C344492CFA7C4300C3689A /* Sources */ = {
			isa = PBXSourcesBuildPhase;
			buildActionMask = 2147483647;
			files = (
				27C344542CFA7C5900C3689A /* hlxml.cpp in Sources */,
			);
			runOnlyForDeploymentPostprocessing = 0;
		};
		27C344562CFA7C8600C3689A /* Sources */ = {
			isa = PBXSourcesBuildPhase;
			buildActionMask = 2147483647;
			files = (
				27C344612CFA7C9C00C3689A /* lime_truncate.c in Sources */,
			);
			runOnlyForDeploymentPostprocessing = 0;
		};
		27C344622CFA7CC800C3689A /* Sources */ = {
			isa = PBXSourcesBuildPhase;
			buildActionMask = 2147483647;
			files = (
				27C3446D2CFA7CDE00C3689A /* peramb-compare.cpp in Sources */,
			);
			runOnlyForDeploymentPostprocessing = 0;
		};
		27C3446F2CFA7D0700C3689A /* Sources */ = {
			isa = PBXSourcesBuildPhase;
			buildActionMask = 2147483647;
			files = (
				27C3447A2CFA7D1B00C3689A /* TensorDemo.cpp in Sources */,
			);
			runOnlyForDeploymentPostprocessing = 0;
		};
		27C3447C2CFA7D5500C3689A /* Sources */ = {
			isa = PBXSourcesBuildPhase;
			buildActionMask = 2147483647;
			files = (
				27C344872CFA7D6F00C3689A /* HadronsApp.cpp in Sources */,
				27C344882CFA7D6F00C3689A /* xml3pt.cpp in Sources */,
			);
			runOnlyForDeploymentPostprocessing = 0;
		};
		27C3448A2CFA7DA100C3689A /* Sources */ = {
			isa = PBXSourcesBuildPhase;
			buildActionMask = 2147483647;
			files = (
				27C344952CFA7DB500C3689A /* xmlGFWall.cpp in Sources */,
			);
			runOnlyForDeploymentPostprocessing = 0;
		};
		27C344972CFA7DDE00C3689A /* Sources */ = {
			isa = PBXSourcesBuildPhase;
			buildActionMask = 2147483647;
			files = (
				27C344A22CFA7DF500C3689A /* xmlPeramb.cpp in Sources */,
			);
			runOnlyForDeploymentPostprocessing = 0;
		};
		27C344A42CFA7E1900C3689A /* Sources */ = {
			isa = PBXSourcesBuildPhase;
			buildActionMask = 2147483647;
			files = (
				27C344AF2CFA7E2F00C3689A /* xmlZ2.cpp in Sources */,
			);
			runOnlyForDeploymentPostprocessing = 0;
		};
/* End PBXSourcesBuildPhase section */

/* Begin XCBuildConfiguration section */
		274CBAC22CFA37F0009091B8 /* Debug */ = {
			isa = XCBuildConfiguration;
			buildSettings = {
				ALWAYS_SEARCH_USER_PATHS = NO;
				ASSETCATALOG_COMPILER_GENERATE_SWIFT_ASSET_SYMBOL_EXTENSIONS = YES;
				CLANG_ANALYZER_NONNULL = YES;
				CLANG_ANALYZER_NUMBER_OBJECT_CONVERSION = YES_AGGRESSIVE;
				CLANG_CXX_LANGUAGE_STANDARD = "c++17";
				CLANG_ENABLE_OBJC_ARC = YES;
				CLANG_ENABLE_OBJC_WEAK = YES;
				CLANG_WARN_BLOCK_CAPTURE_AUTORELEASING = YES;
				CLANG_WARN_BOOL_CONVERSION = YES;
				CLANG_WARN_COMMA = YES;
				CLANG_WARN_CONSTANT_CONVERSION = YES;
				CLANG_WARN_DEPRECATED_OBJC_IMPLEMENTATIONS = YES;
				CLANG_WARN_DIRECT_OBJC_ISA_USAGE = YES_ERROR;
				CLANG_WARN_DOCUMENTATION_COMMENTS = YES;
				CLANG_WARN_EMPTY_BODY = YES;
				CLANG_WARN_ENUM_CONVERSION = YES;
				CLANG_WARN_INFINITE_RECURSION = YES;
				CLANG_WARN_INT_CONVERSION = YES;
				CLANG_WARN_NON_LITERAL_NULL_CONVERSION = YES;
				CLANG_WARN_OBJC_IMPLICIT_RETAIN_SELF = YES;
				CLANG_WARN_OBJC_LITERAL_CONVERSION = YES;
				CLANG_WARN_OBJC_ROOT_CLASS = YES_ERROR;
				CLANG_WARN_QUOTED_INCLUDE_IN_FRAMEWORK_HEADER = YES;
				CLANG_WARN_RANGE_LOOP_ANALYSIS = YES;
				CLANG_WARN_STRICT_PROTOTYPES = YES;
				CLANG_WARN_SUSPICIOUS_MOVE = YES;
				CLANG_WARN_UNGUARDED_AVAILABILITY = YES_AGGRESSIVE;
				CLANG_WARN_UNREACHABLE_CODE = YES;
				CLANG_WARN__DUPLICATE_METHOD_MATCH = YES;
				COPY_PHASE_STRIP = NO;
				DEBUG_INFORMATION_FORMAT = dwarf;
				ENABLE_STRICT_OBJC_MSGSEND = YES;
				ENABLE_TESTABILITY = YES;
				ENABLE_USER_SCRIPT_SANDBOXING = YES;
				GCC_C_LANGUAGE_STANDARD = gnu11;
				GCC_DYNAMIC_NO_PIC = NO;
				GCC_NO_COMMON_BLOCKS = YES;
				GCC_OPTIMIZATION_LEVEL = 0;
				GCC_PREPROCESSOR_DEFINITIONS = (
					"DEBUG=1",
					"$(inherited)",
				);
				GCC_WARN_64_TO_32_BIT_CONVERSION = YES;
				GCC_WARN_ABOUT_RETURN_TYPE = YES_ERROR;
				GCC_WARN_UNDECLARED_SELECTOR = YES;
				GCC_WARN_UNINITIALIZED_AUTOS = YES_AGGRESSIVE;
				GCC_WARN_UNUSED_FUNCTION = YES;
				GCC_WARN_UNUSED_VARIABLE = YES;
				HEADER_SEARCH_PATHS = (
					$PROJECT_DIR/MLU,
					$GridPkg/include,
					$GridPkg/include/libomp,
					$GridPre$CONFIGURATION/include,
					$GridPre/include,
					$PROJECT_DIR/build$CONFIGURATION,
				);
				LIBRARY_SEARCH_PATHS = (
					$GridPkg/lib,
					$GridPkg/lib/libomp,
					$GridPre$CONFIGURATION/lib,
					$GridPre/lib,
				);
				LOCALIZATION_PREFERS_STRING_CATALOGS = YES;
				MTL_ENABLE_DEBUG_INFO = INCLUDE_SOURCE;
				MTL_FAST_MATH = YES;
				ONLY_ACTIVE_ARCH = YES;
				OTHER_CFLAGS = (
					"-Xpreprocessor",
					"-fopenmp",
				);
				OTHER_LDFLAGS = (
					"-framework",
					Accelerate,
					"-lGrid",
					"-lHadrons",
					"-ldl",
					"-lhdf5_cpp",
					"-lhdf5",
					"-lz",
					"-llime",
					"-lmpfr",
					"-lgmp",
					"-lm",
					"-lomp",
					"-lz",
					"-lgsl",
					"-lMinuit2",
					"-lcrypto",
					"-lfftw3f",
					"-lfftw3",
				);
				SDKROOT = macosx;
			};
			name = Debug;
		};
		274CBAC32CFA37F0009091B8 /* Release */ = {
			isa = XCBuildConfiguration;
			buildSettings = {
				ALWAYS_SEARCH_USER_PATHS = NO;
				ASSETCATALOG_COMPILER_GENERATE_SWIFT_ASSET_SYMBOL_EXTENSIONS = YES;
				CLANG_ANALYZER_NONNULL = YES;
				CLANG_ANALYZER_NUMBER_OBJECT_CONVERSION = YES_AGGRESSIVE;
				CLANG_CXX_LANGUAGE_STANDARD = "c++17";
				CLANG_ENABLE_OBJC_ARC = YES;
				CLANG_ENABLE_OBJC_WEAK = YES;
				CLANG_WARN_BLOCK_CAPTURE_AUTORELEASING = YES;
				CLANG_WARN_BOOL_CONVERSION = YES;
				CLANG_WARN_COMMA = YES;
				CLANG_WARN_CONSTANT_CONVERSION = YES;
				CLANG_WARN_DEPRECATED_OBJC_IMPLEMENTATIONS = YES;
				CLANG_WARN_DIRECT_OBJC_ISA_USAGE = YES_ERROR;
				CLANG_WARN_DOCUMENTATION_COMMENTS = YES;
				CLANG_WARN_EMPTY_BODY = YES;
				CLANG_WARN_ENUM_CONVERSION = YES;
				CLANG_WARN_INFINITE_RECURSION = YES;
				CLANG_WARN_INT_CONVERSION = YES;
				CLANG_WARN_NON_LITERAL_NULL_CONVERSION = YES;
				CLANG_WARN_OBJC_IMPLICIT_RETAIN_SELF = YES;
				CLANG_WARN_OBJC_LITERAL_CONVERSION = YES;
				CLANG_WARN_OBJC_ROOT_CLASS = YES_ERROR;
				CLANG_WARN_QUOTED_INCLUDE_IN_FRAMEWORK_HEADER = YES;
				CLANG_WARN_RANGE_LOOP_ANALYSIS = YES;
				CLANG_WARN_STRICT_PROTOTYPES = YES;
				CLANG_WARN_SUSPICIOUS_MOVE = YES;
				CLANG_WARN_UNGUARDED_AVAILABILITY = YES_AGGRESSIVE;
				CLANG_WARN_UNREACHABLE_CODE = YES;
				CLANG_WARN__DUPLICATE_METHOD_MATCH = YES;
				COPY_PHASE_STRIP = NO;
				DEBUG_INFORMATION_FORMAT = "dwarf-with-dsym";
				ENABLE_NS_ASSERTIONS = NO;
				ENABLE_STRICT_OBJC_MSGSEND = YES;
				ENABLE_USER_SCRIPT_SANDBOXING = YES;
				GCC_C_LANGUAGE_STANDARD = gnu11;
				GCC_NO_COMMON_BLOCKS = YES;
				GCC_WARN_64_TO_32_BIT_CONVERSION = YES;
				GCC_WARN_ABOUT_RETURN_TYPE = YES_ERROR;
				GCC_WARN_UNDECLARED_SELECTOR = YES;
				GCC_WARN_UNINITIALIZED_AUTOS = YES_AGGRESSIVE;
				GCC_WARN_UNUSED_FUNCTION = YES;
				GCC_WARN_UNUSED_VARIABLE = YES;
				HEADER_SEARCH_PATHS = (
					$PROJECT_DIR/MLU,
					$GridPkg/include,
					$GridPkg/include/libomp,
					$GridPre$CONFIGURATION/include,
					$GridPre/include,
					$PROJECT_DIR/build$CONFIGURATION,
				);
				LIBRARY_SEARCH_PATHS = (
					$GridPkg/lib,
					$GridPkg/lib/libomp,
					$GridPre$CONFIGURATION/lib,
					$GridPre/lib,
				);
				LOCALIZATION_PREFERS_STRING_CATALOGS = YES;
				MTL_ENABLE_DEBUG_INFO = NO;
				MTL_FAST_MATH = YES;
				ONLY_ACTIVE_ARCH = YES;
				OTHER_CFLAGS = (
					"-Xpreprocessor",
					"-fopenmp",
				);
				OTHER_LDFLAGS = (
					"-framework",
					Accelerate,
					"-lGrid",
					"-lHadrons",
					"-ldl",
					"-lhdf5_cpp",
					"-lhdf5",
					"-lz",
					"-llime",
					"-lmpfr",
					"-lgmp",
					"-lm",
					"-lomp",
					"-lz",
					"-lgsl",
					"-lMinuit2",
					"-lcrypto",
					"-lfftw3f",
					"-lfftw3",
				);
				SDKROOT = macosx;
			};
			name = Release;
		};
		274CBAC52CFA37F0009091B8 /* Debug */ = {
			isa = XCBuildConfiguration;
			buildSettings = {
				PRODUCT_NAME = "$(TARGET_NAME)";
			};
			name = Debug;
		};
		274CBAC62CFA37F0009091B8 /* Release */ = {
			isa = XCBuildConfiguration;
			buildSettings = {
				PRODUCT_NAME = "$(TARGET_NAME)";
			};
			name = Release;
		};
		27C344452CFA7BF100C3689A /* Debug */ = {
			isa = XCBuildConfiguration;
			buildSettings = {
				PRODUCT_NAME = "$(TARGET_NAME)";
			};
			name = Debug;
		};
		27C344462CFA7BF100C3689A /* Release */ = {
			isa = XCBuildConfiguration;
			buildSettings = {
				PRODUCT_NAME = "$(TARGET_NAME)";
			};
			name = Release;
		};
		27C344522CFA7C4300C3689A /* Debug */ = {
			isa = XCBuildConfiguration;
			buildSettings = {
				PRODUCT_NAME = "$(TARGET_NAME)";
			};
			name = Debug;
		};
		27C344532CFA7C4300C3689A /* Release */ = {
			isa = XCBuildConfiguration;
			buildSettings = {
				PRODUCT_NAME = "$(TARGET_NAME)";
			};
			name = Release;
		};
		27C3445F2CFA7C8600C3689A /* Debug */ = {
			isa = XCBuildConfiguration;
			buildSettings = {
				PRODUCT_NAME = "$(TARGET_NAME)";
			};
			name = Debug;
		};
		27C344602CFA7C8600C3689A /* Release */ = {
			isa = XCBuildConfiguration;
			buildSettings = {
				PRODUCT_NAME = "$(TARGET_NAME)";
			};
			name = Release;
		};
		27C3446B2CFA7CC800C3689A /* Debug */ = {
			isa = XCBuildConfiguration;
			buildSettings = {
				PRODUCT_NAME = "$(TARGET_NAME)";
			};
			name = Debug;
		};
		27C3446C2CFA7CC800C3689A /* Release */ = {
			isa = XCBuildConfiguration;
			buildSettings = {
				PRODUCT_NAME = "$(TARGET_NAME)";
			};
			name = Release;
		};
		27C344782CFA7D0700C3689A /* Debug */ = {
			isa = XCBuildConfiguration;
			buildSettings = {
				PRODUCT_NAME = "$(TARGET_NAME)";
			};
			name = Debug;
		};
		27C344792CFA7D0700C3689A /* Release */ = {
			isa = XCBuildConfiguration;
			buildSettings = {
				PRODUCT_NAME = "$(TARGET_NAME)";
			};
			name = Release;
		};
		27C344852CFA7D5500C3689A /* Debug */ = {
			isa = XCBuildConfiguration;
			buildSettings = {
				PRODUCT_NAME = "$(TARGET_NAME)";
			};
			name = Debug;
		};
		27C344862CFA7D5500C3689A /* Release */ = {
			isa = XCBuildConfiguration;
			buildSettings = {
				PRODUCT_NAME = "$(TARGET_NAME)";
			};
			name = Release;
		};
		27C344932CFA7DA100C3689A /* Debug */ = {
			isa = XCBuildConfiguration;
			buildSettings = {
				PRODUCT_NAME = "$(TARGET_NAME)";
			};
			name = Debug;
		};
		27C344942CFA7DA100C3689A /* Release */ = {
			isa = XCBuildConfiguration;
			buildSettings = {
				PRODUCT_NAME = "$(TARGET_NAME)";
			};
			name = Release;
		};
		27C344A02CFA7DDE00C3689A /* Debug */ = {
			isa = XCBuildConfiguration;
			buildSettings = {
				PRODUCT_NAME = "$(TARGET_NAME)";
			};
			name = Debug;
		};
		27C344A12CFA7DDE00C3689A /* Release */ = {
			isa = XCBuildConfiguration;
			buildSettings = {
				PRODUCT_NAME = "$(TARGET_NAME)";
			};
			name = Release;
		};
		27C344AD2CFA7E1900C3689A /* Debug */ = {
			isa = XCBuildConfiguration;
			buildSettings = {
				PRODUCT_NAME = "$(TARGET_NAME)";
			};
			name = Debug;
		};
		27C344AE2CFA7E1900C3689A /* Release */ = {
			isa = XCBuildConfiguration;
			buildSettings = {
				PRODUCT_NAME = "$(TARGET_NAME)";
			};
			name = Release;
		};
/* End XCBuildConfiguration section */

/* Begin XCConfigurationList section */
		274CBAB82CFA37EF009091B8 /* Build configuration list for PBXProject "SemiLep" */ = {
			isa = XCConfigurationList;
			buildConfigurations = (
				274CBAC22CFA37F0009091B8 /* Debug */,
				274CBAC32CFA37F0009091B8 /* Release */,
			);
			defaultConfigurationIsVisible = 0;
			defaultConfigurationName = Release;
		};
		274CBAC42CFA37F0009091B8 /* Build configuration list for PBXNativeTarget "Debug" */ = {
			isa = XCConfigurationList;
			buildConfigurations = (
				274CBAC52CFA37F0009091B8 /* Debug */,
				274CBAC62CFA37F0009091B8 /* Release */,
			);
			defaultConfigurationIsVisible = 0;
			defaultConfigurationName = Release;
		};
		27C344442CFA7BF100C3689A /* Build configuration list for PBXNativeTarget "GaugeCmp" */ = {
			isa = XCConfigurationList;
			buildConfigurations = (
				27C344452CFA7BF100C3689A /* Debug */,
				27C344462CFA7BF100C3689A /* Release */,
			);
			defaultConfigurationIsVisible = 0;
			defaultConfigurationName = Release;
		};
		27C344512CFA7C4300C3689A /* Build configuration list for PBXNativeTarget "hlxml" */ = {
			isa = XCConfigurationList;
			buildConfigurations = (
				27C344522CFA7C4300C3689A /* Debug */,
				27C344532CFA7C4300C3689A /* Release */,
			);
			defaultConfigurationIsVisible = 0;
			defaultConfigurationName = Release;
		};
		27C3445E2CFA7C8600C3689A /* Build configuration list for PBXNativeTarget "lime_truncate" */ = {
			isa = XCConfigurationList;
			buildConfigurations = (
				27C3445F2CFA7C8600C3689A /* Debug */,
				27C344602CFA7C8600C3689A /* Release */,
			);
			defaultConfigurationIsVisible = 0;
			defaultConfigurationName = Release;
		};
		27C3446A2CFA7CC800C3689A /* Build configuration list for PBXNativeTarget "peramb-compare" */ = {
			isa = XCConfigurationList;
			buildConfigurations = (
				27C3446B2CFA7CC800C3689A /* Debug */,
				27C3446C2CFA7CC800C3689A /* Release */,
			);
			defaultConfigurationIsVisible = 0;
			defaultConfigurationName = Release;
		};
		27C344772CFA7D0700C3689A /* Build configuration list for PBXNativeTarget "TensorDemo" */ = {
			isa = XCConfigurationList;
			buildConfigurations = (
				27C344782CFA7D0700C3689A /* Debug */,
				27C344792CFA7D0700C3689A /* Release */,
			);
			defaultConfigurationIsVisible = 0;
			defaultConfigurationName = Release;
		};
		27C344842CFA7D5500C3689A /* Build configuration list for PBXNativeTarget "xml3pt" */ = {
			isa = XCConfigurationList;
			buildConfigurations = (
				27C344852CFA7D5500C3689A /* Debug */,
				27C344862CFA7D5500C3689A /* Release */,
			);
			defaultConfigurationIsVisible = 0;
			defaultConfigurationName = Release;
		};
		27C344922CFA7DA100C3689A /* Build configuration list for PBXNativeTarget "xmlGFWall" */ = {
			isa = XCConfigurationList;
			buildConfigurations = (
				27C344932CFA7DA100C3689A /* Debug */,
				27C344942CFA7DA100C3689A /* Release */,
			);
			defaultConfigurationIsVisible = 0;
			defaultConfigurationName = Release;
		};
		27C3449F2CFA7DDE00C3689A /* Build configuration list for PBXNativeTarget "xmlPeramb" */ = {
			isa = XCConfigurationList;
			buildConfigurations = (
				27C344A02CFA7DDE00C3689A /* Debug */,
				27C344A12CFA7DDE00C3689A /* Release */,
			);
			defaultConfigurationIsVisible = 0;
			defaultConfigurationName = Release;
		};
		27C344AC2CFA7E1900C3689A /* Build configuration list for PBXNativeTarget "xmlZ2" */ = {
			isa = XCConfigurationList;
			buildConfigurations = (
				27C344AD2CFA7E1900C3689A /* Debug */,
				27C344AE2CFA7E1900C3689A /* Release */,
			);
			defaultConfigurationIsVisible = 0;
			defaultConfigurationName = Release;
		};
/* End XCConfigurationList section */
	};
	rootObject = 274CBAB52CFA37EF009091B8 /* Project object */;
}
