<?xml version="1.0" encoding="UTF-8"?>
<Scheme
   LastUpgradeVersion = "1300"
   version = "1.3">
   <BuildAction
      parallelizeBuildables = "YES"
      buildImplicitDependencies = "NO">
      <BuildActionEntries>
         <BuildActionEntry
            buildForTesting = "YES"
            buildForRunning = "YES"
            buildForProfiling = "YES"
            buildForArchiving = "YES"
            buildForAnalyzing = "YES">
            <BuildableReference
               BuildableIdentifier = "primary"
               BlueprintIdentifier = "6854470B271C940600EF030C"
               BuildableName = "bootstrap"
               BlueprintName = "bootstrap"
               ReferencedContainer = "container:Utility.xcodeproj">
            </BuildableReference>
         </BuildActionEntry>
      </BuildActionEntries>
   </BuildAction>
   <TestAction
      buildConfiguration = "Debug"
      selectedDebuggerIdentifier = "Xcode.DebuggerFoundation.Debugger.LLDB"
      selectedLauncherIdentifier = "Xcode.DebuggerFoundation.Launcher.LLDB"
      shouldUseLaunchSchemeArgsEnv = "YES">
      <Testables>
      </Testables>
   </TestAction>
   <LaunchAction
      buildConfiguration = "Debug"
      selectedDebuggerIdentifier = "Xcode.DebuggerFoundation.Debugger.LLDB"
      selectedLauncherIdentifier = "Xcode.DebuggerFoundation.Launcher.LLDB"
      launchStyle = "0"
      useCustomWorkingDirectory = "YES"
      customWorkingDirectory = "$(PROJECT_DIR)/run"
      ignoresPersistentStateOnLaunch = "NO"
      debugDocumentVersioning = "YES"
      debugServiceExtension = "internal"
      allowLocationSimulation = "YES">
      <BuildableProductRunnable
         runnableDebuggingMode = "0">
         <BuildableReference
            BuildableIdentifier = "primary"
            BlueprintIdentifier = "6854470B271C940600EF030C"
            BuildableName = "bootstrap"
            BlueprintName = "bootstrap"
            ReferencedContainer = "container:Utility.xcodeproj">
         </BuildableReference>
      </BuildableProductRunnable>
      <CommandLineArguments>
         <CommandLineArgument
            argument = "-ag5"
            isEnabled = "YES">
         </CommandLineArgument>
         <CommandLineArgument
            argument = "-ag5,gT5"
            isEnabled = "NO">
         </CommandLineArgument>
         <CommandLineArgument
            argument = "-cgT,gx,gy,gz,gxyz"
            isEnabled = "NO">
         </CommandLineArgument>
         <CommandLineArgument
            argument = "-cgT,gx,gxyz"
            isEnabled = "NO">
         </CommandLineArgument>
         <CommandLineArgument
            argument = "--p2"
            isEnabled = "NO">
         </CommandLineArgument>
         <CommandLineArgument
            argument = "-r4147798751"
            isEnabled = "NO">
         </CommandLineArgument>
         <CommandLineArgument
            argument = "-r bootstrap_old/h1_l_p_0_0_0_g5P_g5W.bootstrap.4147798751.h5"
            isEnabled = "NO">
         </CommandLineArgument>
         <CommandLineArgument
            argument = "-r1835672416"
            isEnabled = "YES">
         </CommandLineArgument>
         <CommandLineArgument
            argument = "-b1"
            isEnabled = "NO">
         </CommandLineArgument>
         <CommandLineArgument
            argument = "--border Old"
            isEnabled = "NO">
         </CommandLineArgument>
         <CommandLineArgument
            argument = "--show"
            isEnabled = "NO">
         </CommandLineArgument>
         <CommandLineArgument
            argument = "-g /wardIdentity -d PA0 --sort -o bootstrap/Ward/PA0_ -i meson/Ward/ &apos;*.h5&apos;"
            isEnabled = "NO">
         </CommandLineArgument>
         <CommandLineArgument
            argument = "-o boot/"
            isEnabled = "YES">
         </CommandLineArgument>
         <CommandLineArgument
            argument = "-i /Volumes/QCD/tess/semilep/M1/test.hits/880/2pt/"
            isEnabled = "YES">
         </CommandLineArgument>
         <CommandLineArgument
            argument = "ZF[PW]P/&apos;*&apos;_t_[05].&apos;*&apos;.h5 ZF[PW]P/&apos;*&apos;_t_[05]_h&apos;*&apos;.h5"
            isEnabled = "NO">
         </CommandLineArgument>
         <CommandLineArgument
            argument = "ZF[PW]P/&apos;*&apos;.h5"
            isEnabled = "YES">
         </CommandLineArgument>
         <CommandLineArgument
            argument = "--ssre=^[GZ][F2]([[:alnum:]])([[:alnum:]])_"
            isEnabled = "NO">
         </CommandLineArgument>
         <CommandLineArgument
            argument = "--ssre=^([PW])([PW])_"
            isEnabled = "NO">
         </CommandLineArgument>
         <CommandLineArgument
            argument = "-w"
            isEnabled = "NO">
         </CommandLineArgument>
         <CommandLineArgument
            argument = "-f"
            isEnabled = "YES">
         </CommandLineArgument>
      </CommandLineArguments>
   </LaunchAction>
   <ProfileAction
      buildConfiguration = "Release"
      shouldUseLaunchSchemeArgsEnv = "YES"
      savedToolIdentifier = ""
      useCustomWorkingDirectory = "NO"
      debugDocumentVersioning = "YES">
      <BuildableProductRunnable
         runnableDebuggingMode = "0">
         <BuildableReference
            BuildableIdentifier = "primary"
            BlueprintIdentifier = "6854470B271C940600EF030C"
            BuildableName = "bootstrap"
            BlueprintName = "bootstrap"
            ReferencedContainer = "container:Utility.xcodeproj">
         </BuildableReference>
      </BuildableProductRunnable>
   </ProfileAction>
   <AnalyzeAction
      buildConfiguration = "Debug">
   </AnalyzeAction>
   <ArchiveAction
      buildConfiguration = "Release"
      revealArchiveInOrganizer = "YES">
   </ArchiveAction>
</Scheme>
