<?xml version="1.0" encoding="UTF-8"?>
<Scheme
   LastUpgradeVersion = "1430"
   version = "1.7">
   <BuildAction
      parallelizeBuildables = "YES"
      buildImplicitDependencies = "YES">
      <BuildActionEntries>
         <BuildActionEntry
            buildForTesting = "YES"
            buildForRunning = "YES"
            buildForProfiling = "YES"
            buildForArchiving = "YES"
            buildForAnalyzing = "YES">
            <BuildableReference
               BuildableIdentifier = "primary"
               BlueprintIdentifier = "2748E6762A1E10CF00867EF6"
               BuildableName = "Continuum"
               BlueprintName = "Continuum"
               ReferencedContainer = "container:Utility.xcodeproj">
            </BuildableReference>
         </BuildActionEntry>
      </BuildActionEntries>
   </BuildAction>
   <TestAction
      buildConfiguration = "Debug"
      selectedDebuggerIdentifier = "Xcode.DebuggerFoundation.Debugger.LLDB"
      selectedLauncherIdentifier = "Xcode.DebuggerFoundation.Launcher.LLDB"
      shouldUseLaunchSchemeArgsEnv = "YES"
      shouldAutocreateTestPlan = "YES">
   </TestAction>
   <LaunchAction
      buildConfiguration = "Debug"
      selectedDebuggerIdentifier = "Xcode.DebuggerFoundation.Debugger.LLDB"
      selectedLauncherIdentifier = "Xcode.DebuggerFoundation.Launcher.LLDB"
      launchStyle = "0"
      useCustomWorkingDirectory = "YES"
      customWorkingDirectory = "$PROJECT_DIR/run"
      ignoresPersistentStateOnLaunch = "NO"
      debugDocumentVersioning = "YES"
      debugServiceExtension = "internal"
      allowLocationSimulation = "YES"
      viewDebuggingEnabled = "No">
      <BuildableProductRunnable
         runnableDebuggingMode = "0">
         <BuildableReference
            BuildableIdentifier = "primary"
            BlueprintIdentifier = "2748E6762A1E10CF00867EF6"
            BuildableName = "Continuum"
            BlueprintName = "Continuum"
            ReferencedContainer = "container:Utility.xcodeproj">
         </BuildableReference>
      </BuildableProductRunnable>
      <CommandLineArguments>
         <CommandLineArgument
            argument = "--debug-signals"
            isEnabled = "YES">
         </CommandLineArgument>
         <CommandLineArgument
            argument = "--Hotelling 0 --summary 2"
            isEnabled = "YES">
         </CommandLineArgument>
         <CommandLineArgument
            argument = "-i $HOME/NoSync/"
            isEnabled = "YES">
         </CommandLineArgument>
         <CommandLineArgument
            argument = "-o Cont/"
            isEnabled = "YES">
         </CommandLineArgument>
         <CommandLineArgument
            argument = "-f fplus"
            isEnabled = "NO">
         </CommandLineArgument>
         <CommandLineArgument
            argument = "C1/FormFactor/betterP/3sm_sp2/&apos;*_p2_[0-3].*&apos;.h5,Ensemble=C1"
            isEnabled = "YES">
         </CommandLineArgument>
         <CommandLineArgument
            argument = "C2/FormFactor/disp/3sm_sp2/&apos;*_p2_[0-3].*&apos;.h5,Ensemble=C2"
            isEnabled = "YES">
         </CommandLineArgument>
         <CommandLineArgument
            argument = "F1M/FormFactor/old/3sm_sp2/&apos;*_p2_[0-5].*&apos;.h5,Ensemble=F1M"
            isEnabled = "YES">
         </CommandLineArgument>
         <CommandLineArgument
            argument = "--model ${MLUCache}EnsembleInfo.h5"
            isEnabled = "YES">
         </CommandLineArgument>
      </CommandLineArguments>
   </LaunchAction>
   <ProfileAction
      buildConfiguration = "Release"
      shouldUseLaunchSchemeArgsEnv = "YES"
      savedToolIdentifier = ""
      useCustomWorkingDirectory = "NO"
      debugDocumentVersioning = "YES">
      <BuildableProductRunnable
         runnableDebuggingMode = "0">
         <BuildableReference
            BuildableIdentifier = "primary"
            BlueprintIdentifier = "2748E6762A1E10CF00867EF6"
            BuildableName = "Continuum"
            BlueprintName = "Continuum"
            ReferencedContainer = "container:Utility.xcodeproj">
         </BuildableReference>
      </BuildableProductRunnable>
   </ProfileAction>
   <AnalyzeAction
      buildConfiguration = "Debug">
   </AnalyzeAction>
   <ArchiveAction
      buildConfiguration = "Release"
      revealArchiveInOrganizer = "YES">
   </ArchiveAction>
</Scheme>
