<?xml version="1.0" encoding="UTF-8"?>
<Scheme
   LastUpgradeVersion = "1300"
   version = "1.3">
   <BuildAction
      parallelizeBuildables = "YES"
      buildImplicitDependencies = "NO">
      <BuildActionEntries>
         <BuildActionEntry
            buildForTesting = "YES"
            buildForRunning = "YES"
            buildForProfiling = "YES"
            buildForArchiving = "YES"
            buildForAnalyzing = "YES">
            <BuildableReference
               BuildableIdentifier = "primary"
               BlueprintIdentifier = "68544719271C962200EF030C"
               BuildableName = "corr"
               BlueprintName = "corr"
               ReferencedContainer = "container:Utility.xcodeproj">
            </BuildableReference>
         </BuildActionEntry>
      </BuildActionEntries>
   </BuildAction>
   <TestAction
      buildConfiguration = "Debug"
      selectedDebuggerIdentifier = "Xcode.DebuggerFoundation.Debugger.LLDB"
      selectedLauncherIdentifier = "Xcode.DebuggerFoundation.Launcher.LLDB"
      shouldUseLaunchSchemeArgsEnv = "YES">
      <Testables>
      </Testables>
   </TestAction>
   <LaunchAction
      buildConfiguration = "Debug"
      selectedDebuggerIdentifier = "Xcode.DebuggerFoundation.Debugger.LLDB"
      selectedLauncherIdentifier = "Xcode.DebuggerFoundation.Launcher.LLDB"
      launchStyle = "0"
      useCustomWorkingDirectory = "YES"
      customWorkingDirectory = "$(PROJECT_DIR)/run"
      ignoresPersistentStateOnLaunch = "NO"
      debugDocumentVersioning = "YES"
      debugServiceExtension = "internal"
      allowLocationSimulation = "YES">
      <BuildableProductRunnable
         runnableDebuggingMode = "0">
         <BuildableReference
            BuildableIdentifier = "primary"
            BlueprintIdentifier = "68544719271C962200EF030C"
            BuildableName = "corr"
            BlueprintName = "corr"
            ReferencedContainer = "container:Utility.xcodeproj">
         </BuildableReference>
      </BuildableProductRunnable>
      <CommandLineArguments>
         <CommandLineArgument
            argument = "-i bootstrap/2pt/ -o fold/2pt/"
            isEnabled = "NO">
         </CommandLineArgument>
         <CommandLineArgument
            argument = "-i bootstrap/3pt_s/ -o fold/3pt_s/"
            isEnabled = "NO">
         </CommandLineArgument>
         <CommandLineArgument
            argument = "*g5_g5*h5,per"
            isEnabled = "NO">
         </CommandLineArgument>
         <CommandLineArgument
            argument = "*gT5_gT5*h5,per"
            isEnabled = "NO">
         </CommandLineArgument>
         <CommandLineArgument
            argument = "*_p_2_0_0_g5_gT5*h5,norc"
            isEnabled = "NO">
         </CommandLineArgument>
         <CommandLineArgument
            argument = "*g5_gT5*h5,nor *gT5_g5*h5,nor"
            isEnabled = "NO">
         </CommandLineArgument>
         <CommandLineArgument
            argument = "*_gT_dt_*g5_g5*.h5,r"
            isEnabled = "NO">
         </CommandLineArgument>
         <CommandLineArgument
            argument = "h447_s_p2_*.h5,per *_gT_*_ps2_1_*.h5,r *_gX*_ps2_1_*.h5,i"
            isEnabled = "YES">
         </CommandLineArgument>
      </CommandLineArguments>
   </LaunchAction>
   <ProfileAction
      buildConfiguration = "Release"
      shouldUseLaunchSchemeArgsEnv = "YES"
      savedToolIdentifier = ""
      useCustomWorkingDirectory = "NO"
      debugDocumentVersioning = "YES">
      <BuildableProductRunnable
         runnableDebuggingMode = "0">
         <BuildableReference
            BuildableIdentifier = "primary"
            BlueprintIdentifier = "68544719271C962200EF030C"
            BuildableName = "corr"
            BlueprintName = "corr"
            ReferencedContainer = "container:Utility.xcodeproj">
         </BuildableReference>
      </BuildableProductRunnable>
   </ProfileAction>
   <AnalyzeAction
      buildConfiguration = "Debug">
   </AnalyzeAction>
   <ArchiveAction
      buildConfiguration = "Release"
      revealArchiveInOrganizer = "YES">
   </ArchiveAction>
</Scheme>
