<?xml version="1.0" encoding="UTF-8"?>
<Scheme
   LastUpgradeVersion = "1300"
   version = "1.3">
   <BuildAction
      parallelizeBuildables = "YES"
      buildImplicitDependencies = "NO">
      <BuildActionEntries>
         <BuildActionEntry
            buildForTesting = "YES"
            buildForRunning = "YES"
            buildForProfiling = "YES"
            buildForArchiving = "YES"
            buildForAnalyzing = "YES">
            <BuildableReference
               BuildableIdentifier = "primary"
               BlueprintIdentifier = "68C0A538271CB597006BBD5E"
               BuildableName = "CRatio"
               BlueprintName = "CRatio"
               ReferencedContainer = "container:Utility.xcodeproj">
            </BuildableReference>
         </BuildActionEntry>
      </BuildActionEntries>
   </BuildAction>
   <TestAction
      buildConfiguration = "Debug"
      selectedDebuggerIdentifier = "Xcode.DebuggerFoundation.Debugger.LLDB"
      selectedLauncherIdentifier = "Xcode.DebuggerFoundation.Launcher.LLDB"
      shouldUseLaunchSchemeArgsEnv = "YES">
      <Testables>
      </Testables>
   </TestAction>
   <LaunchAction
      buildConfiguration = "Debug"
      selectedDebuggerIdentifier = "Xcode.DebuggerFoundation.Debugger.LLDB"
      selectedLauncherIdentifier = "Xcode.DebuggerFoundation.Launcher.LLDB"
      launchStyle = "0"
      useCustomWorkingDirectory = "YES"
      customWorkingDirectory = "$(PROJECT_DIR)/run"
      ignoresPersistentStateOnLaunch = "NO"
      debugDocumentVersioning = "YES"
      debugServiceExtension = "internal"
      allowLocationSimulation = "YES">
      <BuildableProductRunnable
         runnableDebuggingMode = "0">
         <BuildableReference
            BuildableIdentifier = "primary"
            BlueprintIdentifier = "68C0A538271CB597006BBD5E"
            BuildableName = "CRatio"
            BlueprintName = "CRatio"
            ReferencedContainer = "container:Utility.xcodeproj">
         </BuildableReference>
      </BuildableProductRunnable>
      <CommandLineArguments>
         <CommandLineArgument
            argument = "--i3 corr/3pt_s/ --i2 corr/2pt/ --im fit/ Best_s.txt -o ratio/3pt_s/"
            isEnabled = "NO">
         </CommandLineArgument>
         <CommandLineArgument
            argument = "--i3 corr/3pt_lp2/ --i2 corr/2ptp2/ --im fit/ -o ratio/lp2/debug/"
            isEnabled = "YES">
         </CommandLineArgument>
         <CommandLineArgument
            argument = "--efit &apos;Fit_lp2.txt,   c   &apos;"
            isEnabled = "NO">
         </CommandLineArgument>
         <CommandLineArgument
            argument = "--efit 1,l"
            isEnabled = "YES">
         </CommandLineArgument>
         <CommandLineArgument
            argument = "--type zV quark_{l_l,s_s,h447_h447}_gT_dt_&apos;*&apos;_p2_0_ps2_0_g5[PW]_g5[PW].fold.1835672416.h5"
            isEnabled = "NO">
         </CommandLineArgument>
         <CommandLineArgument
            argument = "--type R1r2,FitZV_lp2.txt"
            isEnabled = "NO">
         </CommandLineArgument>
         <CommandLineArgument
            argument = "--type R1r2,1"
            isEnabled = "YES">
         </CommandLineArgument>
         <CommandLineArgument
            argument = "quark_l_h447_gT_dt_&apos;*&apos;_p2_0_ps2_[01]_g5&apos;?&apos;_g5&apos;?&apos;.fold.1835672416.h5"
            isEnabled = "YES">
         </CommandLineArgument>
         <CommandLineArgument
            argument = "quark_l_h447_gT_dt_&apos;*&apos;_p2_0_ps2_1_g5{W_g5P,P_g5W}.fold.1835672416.h5"
            isEnabled = "NO">
         </CommandLineArgument>
         <CommandLineArgument
            argument = "quark_h447_l_gT_dt_&apos;*&apos;_p2_[01]_ps2_0_g5&apos;?&apos;_g5&apos;?&apos;.fold.1835672416.h5"
            isEnabled = "YES">
         </CommandLineArgument>
         <CommandLineArgument
            argument = "quark_h447_l_gT_dt_&apos;*&apos;_p2_1_ps2_0_g5{W_g5P,P_g5W}.fold.1835672416.h5"
            isEnabled = "NO">
         </CommandLineArgument>
         <CommandLineArgument
            argument = "quark_l_h447_ps_0_0_0_gX_dt_&apos;*&apos;_p_&apos;*&apos;_g5[PW]_g5[PW].fold.1835672416.h5"
            isEnabled = "NO">
         </CommandLineArgument>
         <CommandLineArgument
            argument = "--im fit/2pt/ Best2pt.txt"
            isEnabled = "NO">
         </CommandLineArgument>
         <CommandLineArgument
            argument = "&apos;*&apos;_h0_h3&apos;*&apos;.h5"
            isEnabled = "NO">
         </CommandLineArgument>
         <CommandLineArgument
            argument = "quark_h0_h3_gT_dt_&apos;*&apos;_p_0_0_0.corr_8_17.corr_8_17.N_&apos;*&apos;.phi_&apos;*&apos;_theta_&apos;*&apos;_g5Pg5W_g5Pg5W.fold.1835672416.h5"
            isEnabled = "NO">
         </CommandLineArgument>
         <CommandLineArgument
            argument = "--nosym"
            isEnabled = "NO">
         </CommandLineArgument>
      </CommandLineArguments>
   </LaunchAction>
   <ProfileAction
      buildConfiguration = "Release"
      shouldUseLaunchSchemeArgsEnv = "YES"
      savedToolIdentifier = ""
      useCustomWorkingDirectory = "NO"
      debugDocumentVersioning = "YES">
      <BuildableProductRunnable
         runnableDebuggingMode = "0">
         <BuildableReference
            BuildableIdentifier = "primary"
            BlueprintIdentifier = "68C0A538271CB597006BBD5E"
            BuildableName = "CRatio"
            BlueprintName = "CRatio"
            ReferencedContainer = "container:Utility.xcodeproj">
         </BuildableReference>
      </BuildableProductRunnable>
   </ProfileAction>
   <AnalyzeAction
      buildConfiguration = "Debug">
   </AnalyzeAction>
   <ArchiveAction
      buildConfiguration = "Release"
      revealArchiveInOrganizer = "YES">
   </ArchiveAction>
</Scheme>
