<?xml version="1.0" encoding="UTF-8"?>
<Scheme
   LastUpgradeVersion = "1400"
   version = "1.3">
   <BuildAction
      parallelizeBuildables = "YES"
      buildImplicitDependencies = "YES">
      <BuildActionEntries>
         <BuildActionEntry
            buildForTesting = "YES"
            buildForRunning = "YES"
            buildForProfiling = "YES"
            buildForArchiving = "YES"
            buildForAnalyzing = "YES">
            <BuildableReference
               BuildableIdentifier = "primary"
               BlueprintIdentifier = "682C5CE028E4FC1D00C8E004"
               BuildableName = "CRatio"
               BlueprintName = "CRatio"
               ReferencedContainer = "container:Utility.xcodeproj">
            </BuildableReference>
         </BuildActionEntry>
      </BuildActionEntries>
   </BuildAction>
   <TestAction
      buildConfiguration = "Debug"
      selectedDebuggerIdentifier = "Xcode.DebuggerFoundation.Debugger.LLDB"
      selectedLauncherIdentifier = "Xcode.DebuggerFoundation.Launcher.LLDB"
      shouldUseLaunchSchemeArgsEnv = "YES">
      <Testables>
      </Testables>
   </TestAction>
   <LaunchAction
      buildConfiguration = "Debug"
      selectedDebuggerIdentifier = "Xcode.DebuggerFoundation.Debugger.LLDB"
      selectedLauncherIdentifier = "Xcode.DebuggerFoundation.Launcher.LLDB"
      launchStyle = "0"
      useCustomWorkingDirectory = "YES"
      customWorkingDirectory = "$PROJECT_DIR/run"
      ignoresPersistentStateOnLaunch = "NO"
      debugDocumentVersioning = "YES"
      debugServiceExtension = "internal"
      allowLocationSimulation = "YES"
      viewDebuggingEnabled = "No">
      <BuildableProductRunnable
         runnableDebuggingMode = "0">
         <BuildableReference
            BuildableIdentifier = "primary"
            BlueprintIdentifier = "682C5CE028E4FC1D00C8E004"
            BuildableName = "CRatio"
            BlueprintName = "CRatio"
            ReferencedContainer = "container:Utility.xcodeproj">
         </BuildableReference>
      </BuildableProductRunnable>
      <CommandLineArguments>
         <CommandLineArgument
            argument = "--debug-signals"
            isEnabled = "YES">
         </CommandLineArgument>
         <CommandLineArgument
            argument = "--AltOver"
            isEnabled = "NO">
         </CommandLineArgument>
         <CommandLineArgument
            argument = "--i2 F1M/corr/2ptp2/"
            isEnabled = "YES">
         </CommandLineArgument>
         <CommandLineArgument
            argument = "--i3 F1M/corr/3sm_sp2/"
            isEnabled = "YES">
         </CommandLineArgument>
         <CommandLineArgument
            argument = "-o ratio/3sm_sp2/"
            isEnabled = "YES">
         </CommandLineArgument>
         <CommandLineArgument
            argument = "--efit $HOME/NoSync/F1M/MELFit/Fit_sp2_disp.txt"
            isEnabled = "YES">
         </CommandLineArgument>
         <CommandLineArgument
            argument = "--type R,$HOME/NoSync/F1M/Renorm/ZV.txt"
            isEnabled = "YES">
         </CommandLineArgument>
         <CommandLineArgument
            argument = "&apos;*_l_h*_g*_dt_*_p2_0_ps2_[0-6]_g5P_g5P.*.h5&apos;"
            isEnabled = "YES">
         </CommandLineArgument>
         <CommandLineArgument
            argument = "--i3 $HOME/NoSync/M1/MELFit/3sm_sp2/"
            isEnabled = "NO">
         </CommandLineArgument>
         <CommandLineArgument
            argument = "-o FFS/M1/3sm_sp2/"
            isEnabled = "NO">
         </CommandLineArgument>
         <CommandLineArgument
            argument = "--efit $HOME/NoSync/M1/MELFit/Fit_sp2_disp.txt"
            isEnabled = "NO">
         </CommandLineArgument>
         <CommandLineArgument
            argument = "--type F,32,,$HOME/NoSync/M1/Renorm/ZV.txt"
            isEnabled = "NO">
         </CommandLineArgument>
         <CommandLineArgument
            argument = "&apos;*corr_*corr_*.disp.corr*.h5&apos;"
            isEnabled = "NO">
         </CommandLineArgument>
      </CommandLineArguments>
      <EnvironmentVariables>
         <EnvironmentVariable
            key = "MLUSeed"
            value = "3285139232"
            isEnabled = "YES">
         </EnvironmentVariable>
      </EnvironmentVariables>
   </LaunchAction>
   <ProfileAction
      buildConfiguration = "Release"
      shouldUseLaunchSchemeArgsEnv = "YES"
      savedToolIdentifier = ""
      useCustomWorkingDirectory = "NO"
      debugDocumentVersioning = "YES">
      <BuildableProductRunnable
         runnableDebuggingMode = "0">
         <BuildableReference
            BuildableIdentifier = "primary"
            BlueprintIdentifier = "682C5CE028E4FC1D00C8E004"
            BuildableName = "CRatio"
            BlueprintName = "CRatio"
            ReferencedContainer = "container:Utility.xcodeproj">
         </BuildableReference>
      </BuildableProductRunnable>
   </ProfileAction>
   <AnalyzeAction
      buildConfiguration = "Debug">
   </AnalyzeAction>
   <ArchiveAction
      buildConfiguration = "Release"
      revealArchiveInOrganizer = "YES">
   </ArchiveAction>
</Scheme>
