<?xml version="1.0" encoding="UTF-8"?>
<Scheme
   LastUpgradeVersion = "1300"
   version = "1.3">
   <BuildAction
      parallelizeBuildables = "YES"
      buildImplicitDependencies = "NO">
      <BuildActionEntries>
         <BuildActionEntry
            buildForTesting = "YES"
            buildForRunning = "YES"
            buildForProfiling = "YES"
            buildForArchiving = "YES"
            buildForAnalyzing = "YES">
            <BuildableReference
               BuildableIdentifier = "primary"
               BlueprintIdentifier = "68544733271C979A00EF030C"
               BuildableName = "Debug"
               BlueprintName = "Debug"
               ReferencedContainer = "container:Utility.xcodeproj">
            </BuildableReference>
         </BuildActionEntry>
      </BuildActionEntries>
   </BuildAction>
   <TestAction
      buildConfiguration = "Debug"
      selectedDebuggerIdentifier = "Xcode.DebuggerFoundation.Debugger.LLDB"
      selectedLauncherIdentifier = "Xcode.DebuggerFoundation.Launcher.LLDB"
      shouldUseLaunchSchemeArgsEnv = "YES">
      <Testables>
      </Testables>
   </TestAction>
   <LaunchAction
      buildConfiguration = "Debug"
      selectedDebuggerIdentifier = "Xcode.DebuggerFoundation.Debugger.LLDB"
      selectedLauncherIdentifier = "Xcode.DebuggerFoundation.Launcher.LLDB"
      launchStyle = "0"
      useCustomWorkingDirectory = "YES"
      customWorkingDirectory = "$(PROJECT_DIR)/run"
      ignoresPersistentStateOnLaunch = "NO"
      debugDocumentVersioning = "YES"
      debugServiceExtension = "internal"
      allowLocationSimulation = "YES">
      <BuildableProductRunnable
         runnableDebuggingMode = "0">
         <BuildableReference
            BuildableIdentifier = "primary"
            BlueprintIdentifier = "68544733271C979A00EF030C"
            BuildableName = "Debug"
            BlueprintName = "Debug"
            ReferencedContainer = "container:Utility.xcodeproj">
         </BuildableReference>
      </BuildableProductRunnable>
      <CommandLineArguments>
         <CommandLineArgument
            argument = "test.M1.coul1e-12/880/2pt/*/*.h5"
            isEnabled = "NO">
         </CommandLineArgument>
         <CommandLineArgument
            argument = "test.M1.coul1e-12/880/2pt/ZFPP/PP_s_s_p_0_0_0_t_0.880.h5 "
            isEnabled = "NO">
         </CommandLineArgument>
         <CommandLineArgument
            argument = "Peter/ckpoint_lat.880_m1_m1_p_z2_meson.xml"
            isEnabled = "NO">
         </CommandLineArgument>
         <CommandLineArgument
            argument = "-i /Volumes/QCD/tursa/prod/eigen/M2/"
            isEnabled = "NO">
         </CommandLineArgument>
         <CommandLineArgument
            argument = "/Volumes/QCD/tess/semilep/M1/M1.2pt/880/2pt/ZFWP/WP_l_l_p_0_0_0_t_0.880.h5 /Volumes/QCD/tursa/prod/eigen/M2/Peter3/ckpoint_lat_coulomb.880_p0_m0_m0_w_z2_meson.xml"
            isEnabled = "YES">
         </CommandLineArgument>
      </CommandLineArguments>
   </LaunchAction>
   <ProfileAction
      buildConfiguration = "Release"
      shouldUseLaunchSchemeArgsEnv = "YES"
      savedToolIdentifier = ""
      useCustomWorkingDirectory = "NO"
      debugDocumentVersioning = "YES">
      <BuildableProductRunnable
         runnableDebuggingMode = "0">
         <BuildableReference
            BuildableIdentifier = "primary"
            BlueprintIdentifier = "68544733271C979A00EF030C"
            BuildableName = "Debug"
            BlueprintName = "Debug"
            ReferencedContainer = "container:Utility.xcodeproj">
         </BuildableReference>
      </BuildableProductRunnable>
   </ProfileAction>
   <AnalyzeAction
      buildConfiguration = "Debug">
   </AnalyzeAction>
   <ArchiveAction
      buildConfiguration = "Release"
      revealArchiveInOrganizer = "YES">
   </ArchiveAction>
</Scheme>
