<?xml version="1.0" encoding="UTF-8"?>
<Scheme
   LastUpgradeVersion = "1120"
   version = "1.3">
   <BuildAction
      parallelizeBuildables = "YES"
      buildImplicitDependencies = "YES">
      <BuildActionEntries>
         <BuildActionEntry
            buildForTesting = "YES"
            buildForRunning = "YES"
            buildForProfiling = "YES"
            buildForArchiving = "YES"
            buildForAnalyzing = "YES">
            <BuildableReference
               BuildableIdentifier = "primary"
               BlueprintIdentifier = "688FEBE2238C1BE100977B09"
               BuildableName = "mixedop"
               BlueprintName = "mixedop"
               ReferencedContainer = "container:Utility.xcodeproj">
            </BuildableReference>
         </BuildActionEntry>
      </BuildActionEntries>
   </BuildAction>
   <TestAction
      buildConfiguration = "Debug"
      selectedDebuggerIdentifier = "Xcode.DebuggerFoundation.Debugger.LLDB"
      selectedLauncherIdentifier = "Xcode.DebuggerFoundation.Launcher.LLDB"
      shouldUseLaunchSchemeArgsEnv = "YES">
      <Testables>
      </Testables>
   </TestAction>
   <LaunchAction
      buildConfiguration = "Debug"
      selectedDebuggerIdentifier = "Xcode.DebuggerFoundation.Debugger.LLDB"
      selectedLauncherIdentifier = "Xcode.DebuggerFoundation.Launcher.LLDB"
      launchStyle = "0"
      useCustomWorkingDirectory = "YES"
      customWorkingDirectory = "$HOME/data/Study2/C1"
      ignoresPersistentStateOnLaunch = "NO"
      debugDocumentVersioning = "YES"
      debugServiceExtension = "internal"
      allowLocationSimulation = "YES">
      <BuildableProductRunnable
         runnableDebuggingMode = "0">
         <BuildableReference
            BuildableIdentifier = "primary"
            BlueprintIdentifier = "688FEBE2238C1BE100977B09"
            BuildableName = "mixedop"
            BlueprintName = "mixedop"
            ReferencedContainer = "container:Utility.xcodeproj">
         </BuildableReference>
      </BuildableProductRunnable>
      <CommandLineArguments>
         <CommandLineArgument
            argument = "-i PW35b0/fold/ -o PW35b0/mixed/ PW35b0/fit/h1_l_p_0_0_0.corr_11_19.g5P_g5W.model.1835672416.h5"
            isEnabled = "NO">
         </CommandLineArgument>
         <CommandLineArgument
            argument = "-m fit/2pt/"
            isEnabled = "YES">
         </CommandLineArgument>
         <CommandLineArgument
            argument = "-i PW/2pt/ -o mixed/2pt/ g5_g5/h0_s_p_0_0_0.corr_8_17.g5P_g5W.model.&apos;*&apos;.h5 h0_s_p_0_0_0_g5P_g5[PW].fold.&apos;*&apos;.h5"
            isEnabled = "NO">
         </CommandLineArgument>
         <CommandLineArgument
            argument = "-i PW/3pt_s/ -o mixed/3pt_s/E1_rootE/ Best2pt.txt quark_h0_h3_gT_dt_20_p_0_0_0_g5P_g5P.fold.1835672416.h5"
            isEnabled = "YES">
         </CommandLineArgument>
         <CommandLineArgument
            argument = "-i PW/3pt_s/ -o mixed/3pt_s/test/ Unity.txt quark_h3_h0_gT_dt_20_p_0_0_0_g5P_g5P.fold.1835672416.h5"
            isEnabled = "NO">
         </CommandLineArgument>
         <CommandLineArgument
            argument = "--theta=-90:90"
            isEnabled = "YES">
         </CommandLineArgument>
         <CommandLineArgument
            argument = "--phi=-90:90"
            isEnabled = "NO">
         </CommandLineArgument>
         <CommandLineArgument
            argument = "--phi=theta"
            isEnabled = "YES">
         </CommandLineArgument>
         <CommandLineArgument
            argument = "--theta=-10:-10"
            isEnabled = "NO">
         </CommandLineArgument>
         <CommandLineArgument
            argument = "--phi=-10:-10"
            isEnabled = "NO">
         </CommandLineArgument>
         <CommandLineArgument
            argument = "--theta=-45:-45"
            isEnabled = "NO">
         </CommandLineArgument>
         <CommandLineArgument
            argument = "--phi=-45:-45"
            isEnabled = "NO">
         </CommandLineArgument>
         <CommandLineArgument
            argument = "--savecorr"
            isEnabled = "NO">
         </CommandLineArgument>
         <CommandLineArgument
            argument = "--enorm"
            isEnabled = "YES">
         </CommandLineArgument>
         <CommandLineArgument
            argument = "-e 0"
            isEnabled = "NO">
         </CommandLineArgument>
         <CommandLineArgument
            argument = "--rep"
            isEnabled = "NO">
         </CommandLineArgument>
      </CommandLineArguments>
   </LaunchAction>
   <ProfileAction
      buildConfiguration = "Release"
      shouldUseLaunchSchemeArgsEnv = "YES"
      savedToolIdentifier = ""
      useCustomWorkingDirectory = "NO"
      debugDocumentVersioning = "YES">
      <BuildableProductRunnable
         runnableDebuggingMode = "0">
         <BuildableReference
            BuildableIdentifier = "primary"
            BlueprintIdentifier = "688FEBE2238C1BE100977B09"
            BuildableName = "mixedop"
            BlueprintName = "mixedop"
            ReferencedContainer = "container:Utility.xcodeproj">
         </BuildableReference>
      </BuildableProductRunnable>
   </ProfileAction>
   <AnalyzeAction
      buildConfiguration = "Debug">
   </AnalyzeAction>
   <ArchiveAction
      buildConfiguration = "Release"
      revealArchiveInOrganizer = "YES">
   </ArchiveAction>
</Scheme>
