<?xml version="1.0" encoding="UTF-8"?>
<Scheme
   LastUpgradeVersion = "1020"
   version = "1.3">
   <BuildAction
      parallelizeBuildables = "YES"
      buildImplicitDependencies = "YES">
      <BuildActionEntries>
         <BuildActionEntry
            buildForTesting = "YES"
            buildForRunning = "YES"
            buildForProfiling = "YES"
            buildForArchiving = "YES"
            buildForAnalyzing = "YES">
            <BuildableReference
               BuildableIdentifier = "primary"
               BlueprintIdentifier = "6815510222CBCB61009AB4AD"
               BuildableName = "MultiFit"
               BlueprintName = "MultiFit"
               ReferencedContainer = "container:Utility.xcodeproj">
            </BuildableReference>
         </BuildActionEntry>
      </BuildActionEntries>
   </BuildAction>
   <TestAction
      buildConfiguration = "Debug"
      selectedDebuggerIdentifier = "Xcode.DebuggerFoundation.Debugger.LLDB"
      selectedLauncherIdentifier = "Xcode.DebuggerFoundation.Launcher.LLDB"
      shouldUseLaunchSchemeArgsEnv = "YES">
      <Testables>
      </Testables>
      <MacroExpansion>
         <BuildableReference
            BuildableIdentifier = "primary"
            BlueprintIdentifier = "6815510222CBCB61009AB4AD"
            BuildableName = "MultiFit"
            BlueprintName = "MultiFit"
            ReferencedContainer = "container:Utility.xcodeproj">
         </BuildableReference>
      </MacroExpansion>
      <AdditionalOptions>
      </AdditionalOptions>
   </TestAction>
   <LaunchAction
      buildConfiguration = "Debug"
      selectedDebuggerIdentifier = "Xcode.DebuggerFoundation.Debugger.LLDB"
      selectedLauncherIdentifier = "Xcode.DebuggerFoundation.Launcher.LLDB"
      launchStyle = "0"
      useCustomWorkingDirectory = "YES"
      customWorkingDirectory = "$HOME/data/201906Meson/analyze/light_100"
      ignoresPersistentStateOnLaunch = "NO"
      debugDocumentVersioning = "YES"
      debugServiceExtension = "internal"
      allowLocationSimulation = "YES">
      <BuildableProductRunnable
         runnableDebuggingMode = "0">
         <BuildableReference
            BuildableIdentifier = "primary"
            BlueprintIdentifier = "6815510222CBCB61009AB4AD"
            BuildableName = "MultiFit"
            BlueprintName = "MultiFit"
            ReferencedContainer = "container:Utility.xcodeproj">
         </BuildableReference>
      </BuildableProductRunnable>
      <CommandLineArguments>
         <CommandLineArgument
            argument = "$HOME/data/201906Meson/contract/Felix/nvec_studies/light_100/phiL_0_rhoL.3000.h5"
            isEnabled = "NO">
         </CommandLineArgument>
         <CommandLineArgument
            argument = "phiL_0_rhoL.bootstrap.4147798751.h5"
            isEnabled = "YES">
         </CommandLineArgument>
         <CommandLineArgument
            argument = "phiL_ax_0_rhoL.bootstrap.4147798751.h5"
            isEnabled = "YES">
         </CommandLineArgument>
         <CommandLineArgument
            argument = "phiL_0_rhoL_ax.bootstrap.4147798751.h5"
            isEnabled = "YES">
         </CommandLineArgument>
         <CommandLineArgument
            argument = "phiL_ax_0_rhoL_ax.bootstrap.4147798751.h5"
            isEnabled = "YES">
         </CommandLineArgument>
         <CommandLineArgument
            argument = "--ti3"
            isEnabled = "YES">
         </CommandLineArgument>
         <CommandLineArgument
            argument = "--tf20"
            isEnabled = "YES">
         </CommandLineArgument>
         <CommandLineArgument
            argument = "-f1"
            isEnabled = "YES">
         </CommandLineArgument>
      </CommandLineArguments>
      <AdditionalOptions>
      </AdditionalOptions>
   </LaunchAction>
   <ProfileAction
      buildConfiguration = "Release"
      shouldUseLaunchSchemeArgsEnv = "YES"
      savedToolIdentifier = ""
      useCustomWorkingDirectory = "NO"
      debugDocumentVersioning = "YES">
      <BuildableProductRunnable
         runnableDebuggingMode = "0">
         <BuildableReference
            BuildableIdentifier = "primary"
            BlueprintIdentifier = "6815510222CBCB61009AB4AD"
            BuildableName = "MultiFit"
            BlueprintName = "MultiFit"
            ReferencedContainer = "container:Utility.xcodeproj">
         </BuildableReference>
      </BuildableProductRunnable>
   </ProfileAction>
   <AnalyzeAction
      buildConfiguration = "Debug">
   </AnalyzeAction>
   <ArchiveAction
      buildConfiguration = "Release"
      revealArchiveInOrganizer = "YES">
   </ArchiveAction>
</Scheme>
