<?xml version="1.0" encoding="UTF-8"?>
<Scheme
   LastUpgradeVersion = "1300"
   version = "1.3">
   <BuildAction
      parallelizeBuildables = "YES"
      buildImplicitDependencies = "NO">
      <BuildActionEntries>
         <BuildActionEntry
            buildForTesting = "YES"
            buildForRunning = "YES"
            buildForProfiling = "YES"
            buildForArchiving = "YES"
            buildForAnalyzing = "YES">
            <BuildableReference
               BuildableIdentifier = "primary"
               BlueprintIdentifier = "6854474D271C996700EF030C"
               BuildableName = "MultiFit"
               BlueprintName = "MultiFit"
               ReferencedContainer = "container:Utility.xcodeproj">
            </BuildableReference>
         </BuildActionEntry>
      </BuildActionEntries>
   </BuildAction>
   <TestAction
      buildConfiguration = "Debug"
      selectedDebuggerIdentifier = "Xcode.DebuggerFoundation.Debugger.LLDB"
      selectedLauncherIdentifier = "Xcode.DebuggerFoundation.Launcher.LLDB"
      shouldUseLaunchSchemeArgsEnv = "YES">
      <Testables>
      </Testables>
   </TestAction>
   <LaunchAction
      buildConfiguration = "Debug"
      selectedDebuggerIdentifier = "Xcode.DebuggerFoundation.Debugger.LLDB"
      selectedLauncherIdentifier = "Xcode.DebuggerFoundation.Launcher.LLDB"
      launchStyle = "0"
      useCustomWorkingDirectory = "YES"
      customWorkingDirectory = "$(PROJECT_DIR)/run"
      ignoresPersistentStateOnLaunch = "NO"
      debugDocumentVersioning = "YES"
      debugServiceExtension = "internal"
      allowLocationSimulation = "YES">
      <BuildableProductRunnable
         runnableDebuggingMode = "0">
         <BuildableReference
            BuildableIdentifier = "primary"
            BlueprintIdentifier = "6854474D271C996700EF030C"
            BuildableName = "MultiFit"
            BlueprintName = "MultiFit"
            ReferencedContainer = "container:Utility.xcodeproj">
         </BuildableReference>
      </BuildableProductRunnable>
      <CommandLineArguments>
         <CommandLineArgument
            argument = "-i corr/2ptp2/ -t 8:16,12:19 -e 2"
            isEnabled = "NO">
         </CommandLineArgument>
         <CommandLineArgument
            argument = "--covsrc bootstrap,100"
            isEnabled = "NO">
         </CommandLineArgument>
         <CommandLineArgument
            argument = "--covsrc rebin,2,2"
            isEnabled = "NO">
         </CommandLineArgument>
         <CommandLineArgument
            argument = "h385_s_p2_0_g5P_g5P.fold.1835672416.h5,cosh,,n"
            isEnabled = "NO">
         </CommandLineArgument>
         <CommandLineArgument
            argument = "h385_s_p2_0_g5P_g5W.fold.1835672416.h5,1,cosh,,n"
            isEnabled = "NO">
         </CommandLineArgument>
         <CommandLineArgument
            argument = "-e 2"
            isEnabled = "YES">
         </CommandLineArgument>
         <CommandLineArgument
            argument = "-t 10:31 "
            isEnabled = "YES">
         </CommandLineArgument>
         <CommandLineArgument
            argument = "--Hotelling 1.01"
            isEnabled = "YES">
         </CommandLineArgument>
         <CommandLineArgument
            argument = "--fitter Minuit2 --retry 150"
            isEnabled = "NO">
         </CommandLineArgument>
         <CommandLineArgument
            argument = "--savecmat"
            isEnabled = "YES">
         </CommandLineArgument>
         <CommandLineArgument
            argument = "--covsrc raw"
            isEnabled = "YES">
         </CommandLineArgument>
         <CommandLineArgument
            argument = "--freeze"
            isEnabled = "NO">
         </CommandLineArgument>
         <CommandLineArgument
            argument = "-t 5:9 -o FitBanana/ Banana_A_[AB].fold.*.h5"
            isEnabled = "NO">
         </CommandLineArgument>
         <CommandLineArgument
            argument = "-o Tobi/Fit/Full/ -i Tobi/binned_ pLS_pLS.&apos;*&apos;.h5 pLL_pLS.&apos;*&apos;.h5 pLS_aLS.&apos;*&apos;.h5 pLL_aLS.&apos;*&apos;.h5 aLS_aLS.&apos;*&apos;.h5 aLL_aLS.&apos;*&apos;.h5"
            isEnabled = "YES">
         </CommandLineArgument>
         <CommandLineArgument
            argument = "-o Tobi/Fit/PP/ -i Tobi/unbinned_ pLS_pLS.&apos;*&apos;.h5 pLL_pLS.&apos;*&apos;.h5"
            isEnabled = "NO">
         </CommandLineArgument>
      </CommandLineArguments>
      <EnvironmentVariables>
         <EnvironmentVariable
            key = "OMP_NUM_THREADS"
            value = "2"
            isEnabled = "YES">
         </EnvironmentVariable>
      </EnvironmentVariables>
   </LaunchAction>
   <ProfileAction
      buildConfiguration = "Release"
      shouldUseLaunchSchemeArgsEnv = "YES"
      savedToolIdentifier = ""
      useCustomWorkingDirectory = "NO"
      debugDocumentVersioning = "YES">
      <BuildableProductRunnable
         runnableDebuggingMode = "0">
         <BuildableReference
            BuildableIdentifier = "primary"
            BlueprintIdentifier = "6854474D271C996700EF030C"
            BuildableName = "MultiFit"
            BlueprintName = "MultiFit"
            ReferencedContainer = "container:Utility.xcodeproj">
         </BuildableReference>
      </BuildableProductRunnable>
      <CommandLineArguments>
         <CommandLineArgument
            argument = "-t 2:18 -i ratio/3pt_lp2/raw/ -o fit/ZV_lp2/ ZV_s_dt_20_&apos;*&apos;.h5,conSt"
            isEnabled = "NO">
         </CommandLineArgument>
         <CommandLineArgument
            argument = "-t 2:18 -i ratio/3pt_lp2/raw/ -o fit/ZV_lp2/ ZV_l_dt_20_&apos;*&apos;.h5,conSt"
            isEnabled = "NO">
         </CommandLineArgument>
         <CommandLineArgument
            argument = "-t 2:18 -i ratio/3pt_s/raw/ -o fit/ZV/ ZV_l_gT_dt_20_&apos;*&apos;.h5,conSt"
            isEnabled = "NO">
         </CommandLineArgument>
         <CommandLineArgument
            argument = "-t 2:22 -i ratio/3pt_s/raw/ -o fit/ZV/ ZV_l_gT_dt_24_&apos;*&apos;.h5,conSt"
            isEnabled = "NO">
         </CommandLineArgument>
         <CommandLineArgument
            argument = "-t 7:9 -i ratio/3pt_s/raw/ -o fit/ZV/ ZV_h447_gT_dt_16_&apos;*&apos;.h5,conSt"
            isEnabled = "NO">
         </CommandLineArgument>
         <CommandLineArgument
            argument = "-t 8:12 -i ratio/3pt_s/raw/ -o fit/ZV/ ZV_h447_gT_dt_20_&apos;*&apos;.h5,conSt"
            isEnabled = "NO">
         </CommandLineArgument>
         <CommandLineArgument
            argument = "-t 8:16 -i ratio/3pt_s/raw/ -o fit/ZV/ ZV_h447_gT_dt_24_&apos;*&apos;.h5,conSt"
            isEnabled = "NO">
         </CommandLineArgument>
         <CommandLineArgument
            argument = "-t 5:10 -i corr/2pt/ -o fit/2pt/ h447_l_p_0_0_0_g5P_g5[PW].&apos;*&apos;.h5,,,n"
            isEnabled = "NO">
         </CommandLineArgument>
         <CommandLineArgument
            argument = "-t 9:20 -i corr/2ptp2/ -o fit/2ptp2/ h447_s_p2_0_g5P_g5[PW].&apos;*&apos;.h5"
            isEnabled = "NO">
         </CommandLineArgument>
         <CommandLineArgument
            argument = "-t 8:18:6:6 -i corr/2ptp2/ -o fit/2ptp2/ h447_s_p2_0_g5P_g5[PW].&apos;*&apos;.h5"
            isEnabled = "NO">
         </CommandLineArgument>
         <CommandLineArgument
            argument = "-t 11:15 -i corr/2ptp2/ -o fit/2ptp2/ h447_l_p2_1_g5P_g5P.&apos;*&apos;.h5,,,n h447_l_p2_1_g5P_g5W.&apos;*&apos;.h5,,,n"
            isEnabled = "NO">
         </CommandLineArgument>
         <CommandLineArgument
            argument = "-t 9:18:2:3,9:18:2:3 -i corr/2ptp2/ -o fit/2ptp2/ h447_h447_p2_0_g5P_g5P.&apos;*&apos;.h5,,,n h447_h447_p2_0_g5P_g5W.&apos;*&apos;.h5,1,,,n"
            isEnabled = "NO">
         </CommandLineArgument>
         <CommandLineArgument
            argument = "-t 10:18 -i ratio/sp2/ZV/ -o fit/ZV_sp2/ ZV_l_dt_28_g5P_g5P.fold.1835672416.h5,COnSt"
            isEnabled = "NO">
         </CommandLineArgument>
         <CommandLineArgument
            argument = "-t 7:8 -i ratio/sp2/ZV/ ZV_h447_dt_16_g5P_g5P.fold.1835672416.h5,COnSt -o fit/ZV_sp2/"
            isEnabled = "NO">
         </CommandLineArgument>
         <CommandLineArgument
            argument = "-t 10:14 -i ratio/sp2/ZV/ ZV_h447_dt_24_g5P_g5P.fold.1835672416.h5,COnSt -o $PROJECT_DIR/run/"
            isEnabled = "YES">
         </CommandLineArgument>
         <CommandLineArgument
            argument = "-n 100"
            isEnabled = "NO">
         </CommandLineArgument>
         <CommandLineArgument
            argument = "--Hotelling 0.005"
            isEnabled = "NO">
         </CommandLineArgument>
         <CommandLineArgument
            argument = "-v 1"
            isEnabled = "NO">
         </CommandLineArgument>
         <CommandLineArgument
            argument = "-e 2"
            isEnabled = "NO">
         </CommandLineArgument>
         <CommandLineArgument
            argument = "--sep=0.05"
            isEnabled = "NO">
         </CommandLineArgument>
         <CommandLineArgument
            argument = "--fitter=GSL,LMAccel"
            isEnabled = "YES">
         </CommandLineArgument>
         <CommandLineArgument
            argument = "--freeze"
            isEnabled = "NO">
         </CommandLineArgument>
         <CommandLineArgument
            argument = "--uncorr"
            isEnabled = "NO">
         </CommandLineArgument>
         <CommandLineArgument
            argument = "--savecmat"
            isEnabled = "NO">
         </CommandLineArgument>
         <CommandLineArgument
            argument = "--opnames"
            isEnabled = "YES">
         </CommandLineArgument>
         <CommandLineArgument
            argument = "--delta=1"
            isEnabled = "YES">
         </CommandLineArgument>
         <CommandLineArgument
            argument = "--tol=1e-10"
            isEnabled = "YES">
         </CommandLineArgument>
         <CommandLineArgument
            argument = "--mindof=0"
            isEnabled = "NO">
         </CommandLineArgument>
         <CommandLineArgument
            argument = "--analytic"
            isEnabled = "YES">
         </CommandLineArgument>
      </CommandLineArguments>
      <EnvironmentVariables>
         <EnvironmentVariable
            key = "OMP_NUM_THREADS"
            value = "2"
            isEnabled = "YES">
         </EnvironmentVariable>
      </EnvironmentVariables>
   </ProfileAction>
   <AnalyzeAction
      buildConfiguration = "Debug">
   </AnalyzeAction>
   <ArchiveAction
      buildConfiguration = "Release"
      revealArchiveInOrganizer = "YES">
   </ArchiveAction>
</Scheme>
