<?xml version="1.0" encoding="UTF-8"?>
<Scheme
   LastUpgradeVersion = "1400"
   version = "1.7">
   <BuildAction
      parallelizeBuildables = "YES"
      buildImplicitDependencies = "YES">
      <BuildActionEntries>
         <BuildActionEntry
            buildForTesting = "YES"
            buildForRunning = "YES"
            buildForProfiling = "YES"
            buildForArchiving = "YES"
            buildForAnalyzing = "YES">
            <BuildableReference
               BuildableIdentifier = "primary"
               BlueprintIdentifier = "682C5D5328E4FF5F00C8E004"
               BuildableName = "MultiFit"
               BlueprintName = "MultiFit"
               ReferencedContainer = "container:Utility.xcodeproj">
            </BuildableReference>
         </BuildActionEntry>
      </BuildActionEntries>
   </BuildAction>
   <TestAction
      buildConfiguration = "Debug"
      selectedDebuggerIdentifier = "Xcode.DebuggerFoundation.Debugger.LLDB"
      selectedLauncherIdentifier = "Xcode.DebuggerFoundation.Launcher.LLDB"
      shouldUseLaunchSchemeArgsEnv = "YES">
      <Testables>
      </Testables>
   </TestAction>
   <LaunchAction
      buildConfiguration = "Debug"
      selectedDebuggerIdentifier = "Xcode.DebuggerFoundation.Debugger.LLDB"
      selectedLauncherIdentifier = "Xcode.DebuggerFoundation.Launcher.LLDB"
      launchStyle = "0"
      useCustomWorkingDirectory = "YES"
      customWorkingDirectory = "$PROJECT_DIR/run"
      ignoresPersistentStateOnLaunch = "NO"
      debugDocumentVersioning = "YES"
      debugServiceExtension = "internal"
      allowLocationSimulation = "YES"
      viewDebuggingEnabled = "No">
      <BuildableProductRunnable
         runnableDebuggingMode = "0">
         <BuildableReference
            BuildableIdentifier = "primary"
            BlueprintIdentifier = "682C5D5328E4FF5F00C8E004"
            BuildableName = "MultiFit"
            BlueprintName = "MultiFit"
            ReferencedContainer = "container:Utility.xcodeproj">
         </BuildableReference>
      </BuildableProductRunnable>
      <CommandLineArguments>
         <CommandLineArgument
            argument = "-e 2"
            isEnabled = "YES">
         </CommandLineArgument>
         <CommandLineArgument
            argument = "-v 1"
            isEnabled = "NO">
         </CommandLineArgument>
         <CommandLineArgument
            argument = "--guess 0.19174,0.642,1.458,29.55,70,2786,41797,-18615"
            isEnabled = "NO">
         </CommandLineArgument>
         <CommandLineArgument
            argument = "--mindof 0"
            isEnabled = "NO">
         </CommandLineArgument>
         <CommandLineArgument
            argument = "--savecmat"
            isEnabled = "NO">
         </CommandLineArgument>
         <CommandLineArgument
            argument = "--summary 2"
            isEnabled = "NO">
         </CommandLineArgument>
         <CommandLineArgument
            argument = "--Hotelling 0"
            isEnabled = "YES">
         </CommandLineArgument>
         <CommandLineArgument
            argument = "--overwrite"
            isEnabled = "YES">
         </CommandLineArgument>
         <CommandLineArgument
            argument = "--chisqdof 7"
            isEnabled = "NO">
         </CommandLineArgument>
         <CommandLineArgument
            argument = "--fitter Minuit2 --retry 150"
            isEnabled = "NO">
         </CommandLineArgument>
         <CommandLineArgument
            argument = "--guess 0.1911397674824,0.5716129766181,29.29446137724,53.37054251962,41668.2668095,-25952.32560434"
            isEnabled = "NO">
         </CommandLineArgument>
         <CommandLineArgument
            argument = "--freeze"
            isEnabled = "NO">
         </CommandLineArgument>
         <CommandLineArgument
            argument = "--uncorr"
            isEnabled = "YES">
         </CommandLineArgument>
         <CommandLineArgument
            argument = "--testrun"
            isEnabled = "NO">
         </CommandLineArgument>
         <CommandLineArgument
            argument = "--debug-signals"
            isEnabled = "YES">
         </CommandLineArgument>
         <CommandLineArgument
            argument = "--iter 100000"
            isEnabled = "NO">
         </CommandLineArgument>
         <CommandLineArgument
            argument = "--strict 3"
            isEnabled = "YES">
         </CommandLineArgument>
         <CommandLineArgument
            argument = "-N=24"
            isEnabled = "NO">
         </CommandLineArgument>
         <CommandLineArgument
            argument = "--nophat"
            isEnabled = "NO">
         </CommandLineArgument>
         <CommandLineArgument
            argument = "--covsrc h5,fit_felix_central.hdf5,covarianceMatrix -o data_comparison2/FitDebugFelix/FelixCov_ -i data_comparison2/unbinned_"
            isEnabled = "NO">
         </CommandLineArgument>
         <CommandLineArgument
            argument = "--covsrc binned -o data_comparison2/FitDebugFelix/ -i data_comparison2/unbinned_"
            isEnabled = "NO">
         </CommandLineArgument>
         <CommandLineArgument
            argument = "--covsrc raw -o data_comparison2/FitDebugTobi/raw_ -i data_comparison2/binned_"
            isEnabled = "NO">
         </CommandLineArgument>
         <CommandLineArgument
            argument = "-o Simul/MEL_l_h447_p2_0_dt_16"
            isEnabled = "NO">
         </CommandLineArgument>
         <CommandLineArgument
            argument = "-o Simul/Ds_K_p2_0_E3_R3_Raw"
            isEnabled = "NO">
         </CommandLineArgument>
         <CommandLineArgument
            argument = "-o 2ptp2/s_l/"
            isEnabled = "NO">
         </CommandLineArgument>
         <CommandLineArgument
            argument = "-o MELFit/3sm_sp2/"
            isEnabled = "YES">
         </CommandLineArgument>
         <CommandLineArgument
            argument = "2ptp2/h6413_s/h6413_s_p2_0.corr_6_27_14_27.g5P_g5W.model.1835672416.h5"
            isEnabled = "NO">
         </CommandLineArgument>
         <CommandLineArgument
            argument = "-i /Volumes/QCD/tursa/semilep/data/F1M/analyse/corr/"
            isEnabled = "NO">
         </CommandLineArgument>
         <CommandLineArgument
            argument = "2ptp2/s_l/s_l_p2_0.corr_6_23_7_23.g5P_g5W.model.1835672416.h5"
            isEnabled = "NO">
         </CommandLineArgument>
         <CommandLineArgument
            argument = "C2/ratioE1ZV1/3sm_sp2/R3_l_h6413_gT_dt_20_p2_2_g5P_g5P.fold.1835672416.h5,t=8:14"
            isEnabled = "YES">
         </CommandLineArgument>
         <CommandLineArgument
            argument = "C2/ratioE1ZV1/3sm_sp2/R3_l_h6413_gT_dt_24_p2_2_g5P_g5P.fold.1835672416.h5,t=8:18"
            isEnabled = "YES">
         </CommandLineArgument>
         <CommandLineArgument
            argument = "$HOME/NoSync/C2/MELFit/2ptp2/s_l/s_l.corr_5_20_6_22_5_20_6_20_5_18.g5P.model.1835672416.h5"
            isEnabled = "YES">
         </CommandLineArgument>
         <CommandLineArgument
            argument = "$HOME/NoSync/C2/MELFit/2ptp2/h6413_s/h6413_s_p2_0.corr_8_24_13_24.g5P_g5W.model.1835672416.h5"
            isEnabled = "YES">
         </CommandLineArgument>
         <CommandLineArgument
            argument = "C1/corr/2ptp2/s_l_p2_0_g5P_g5P.fold.1835672416.h5,t=6:23,e=2"
            isEnabled = "NO">
         </CommandLineArgument>
         <CommandLineArgument
            argument = "C1/corr/2ptp2/s_l_p2_0_g5P_g5W.fold.1835672416.h5,t=7:23,e=1"
            isEnabled = "NO">
         </CommandLineArgument>
         <CommandLineArgument
            argument = "C1/corr/2ptp2/s_l_p2_1_g5P_g5P.fold.1835672416.h5,t=6:23,e=2"
            isEnabled = "NO">
         </CommandLineArgument>
         <CommandLineArgument
            argument = "C1/corr/2ptp2/s_l_p2_1_g5P_g5W.fold.1835672416.h5,t=7:23,e=1"
            isEnabled = "NO">
         </CommandLineArgument>
         <CommandLineArgument
            argument = "C1/corr/2ptp2/s_l_p2_2_g5P_g5P.fold.1835672416.h5,t=5:20,e=2"
            isEnabled = "NO">
         </CommandLineArgument>
         <CommandLineArgument
            argument = "C1/corr/2ptp2/s_l_p2_2_g5P_g5W.fold.1835672416.h5,t=5:20,e=1"
            isEnabled = "NO">
         </CommandLineArgument>
         <CommandLineArgument
            argument = "C1/corr/2ptp2/s_l_p2_3_g5P_g5P.fold.1835672416.h5,t=5:20,e=2"
            isEnabled = "NO">
         </CommandLineArgument>
         <CommandLineArgument
            argument = "C1/corr/2ptp2/s_l_p2_3_g5P_g5W.fold.1835672416.h5,t=5:20,e=1"
            isEnabled = "NO">
         </CommandLineArgument>
         <CommandLineArgument
            argument = "C1/corr/2ptp2/s_l_p2_4_g5P_g5P.fold.1835672416.h5,t=5:18,e=2"
            isEnabled = "NO">
         </CommandLineArgument>
         <CommandLineArgument
            argument = "C1/corr/2ptp2/s_l_p2_4_g5P_g5W.fold.1835672416.h5,t=5:18,e=1"
            isEnabled = "NO">
         </CommandLineArgument>
         <CommandLineArgument
            argument = "F1M/corr/2ptp2/s_l_p2_0_gT5P_g5P.fold.1835672416.h5,t=r-2:0:0,e=3"
            isEnabled = "NO">
         </CommandLineArgument>
         <CommandLineArgument
            argument = "F1M/corr/2ptp2/s_l_p2_0_gT5P_g5W.fold.1835672416.h5,t=r-2:0:0,e=3"
            isEnabled = "NO">
         </CommandLineArgument>
         <CommandLineArgument
            argument = "C1/corr/2ptp2/h6413_s_p2_0_g5P_g5P.fold.1835672416.h5,t=6:27,e=2"
            isEnabled = "NO">
         </CommandLineArgument>
         <CommandLineArgument
            argument = "C1/corr/2ptp2/h6413_s_p2_0_g5P_g5W.fold.1835672416.h5,t=14:27,e=1"
            isEnabled = "NO">
         </CommandLineArgument>
         <CommandLineArgument
            argument = "F1M/corr/2ptp2/h385_s_p2_0_gT5P_g5P.fold.1835672416.h5,t=7:28,e=3"
            isEnabled = "NO">
         </CommandLineArgument>
         <CommandLineArgument
            argument = "F1M/corr/2ptp2/h385_s_p2_0_gT5P_g5W.fold.1835672416.h5,t=6:29,e=3"
            isEnabled = "NO">
         </CommandLineArgument>
         <CommandLineArgument
            argument = "Simul/Ds_K_p2_0_E3.corr_10_13_12_16_14_20_10_26.g5P_g5W.model.1835672416.h5"
            isEnabled = "NO">
         </CommandLineArgument>
         <CommandLineArgument
            argument = "Ds_K_p2_0_.corr_8_25_4_23_10_16_12_21_12_23.g5P.model.1835672416.h5"
            isEnabled = "NO">
         </CommandLineArgument>
         <CommandLineArgument
            argument = "F1M/corr/3sm_sp2/quark_l_h385_gT_dt_16_p2_0_ps2_0_g5P_g5P.fold.1835672416.h5,t=8:11d4"
            isEnabled = "NO">
         </CommandLineArgument>
         <CommandLineArgument
            argument = "F1M/corr/3sm_sp2/quark_l_h385_gT_dt_20_p2_0_ps2_0_g5P_g5P.fold.1835672416.h5,t=12:14"
            isEnabled = "NO">
         </CommandLineArgument>
         <CommandLineArgument
            argument = "F1M/corr/3sm_sp2/quark_l_h385_gT_dt_24_p2_0_ps2_0_g5P_g5P.fold.1835672416.h5,t=13:16"
            isEnabled = "NO">
         </CommandLineArgument>
         <CommandLineArgument
            argument = "F1M/corr/3sm_sp2/quark_l_h385_gT_dt_28_p2_0_ps2_0_g5P_g5P.fold.1835672416.h5,t=15:20"
            isEnabled = "NO">
         </CommandLineArgument>
         <CommandLineArgument
            argument = "F1M/corr/3sm_sp2/quark_l_h385_gT_dt_32_p2_0_ps2_0_g5P_g5P.fold.1835672416.h5,t=15:24"
            isEnabled = "NO">
         </CommandLineArgument>
         <CommandLineArgument
            argument = "F1M/ratio.manual/3sm_sp2/R3_l_h385_gT_dt_16_p2_0_g5P_g5P.fold.1835672416.h5,t=8:11"
            isEnabled = "NO">
         </CommandLineArgument>
         <CommandLineArgument
            argument = "F1M/ratio.manual/3sm_sp2/R3_l_h385_gT_dt_20_p2_0_g5P_g5P.fold.1835672416.h5,t=8:9"
            isEnabled = "NO">
         </CommandLineArgument>
         <CommandLineArgument
            argument = "F1M/ratio.manual/3sm_sp2/R3_l_h385_gT_dt_24_p2_0_g5P_g5P.fold.1835672416.h5,t=10:12"
            isEnabled = "NO">
         </CommandLineArgument>
         <CommandLineArgument
            argument = "F1M/ratio.manual/3sm_sp2/R3_l_h385_gT_dt_28_p2_0_g5P_g5P.fold.1835672416.h5,t=10:17"
            isEnabled = "NO">
         </CommandLineArgument>
         <CommandLineArgument
            argument = "F1M/ratio.manual/3sm_sp2/R3_l_h385_gT_dt_32_p2_0_g5P_g5P.fold.1835672416.h5,t=10:19"
            isEnabled = "NO">
         </CommandLineArgument>
         <CommandLineArgument
            argument = "C1/ratioE1ZV1/3sm_sp2/R3_l_h6413_gT_dt_16_p2_0_g5P_g5P.fold.1835672416.h5,raw,t=8:11"
            isEnabled = "NO">
         </CommandLineArgument>
         <CommandLineArgument
            argument = "C1/ratioE1ZV1/3sm_sp2/R3_l_h6413_gT_dt_20_p2_0_g5P_g5P.fold.1835672416.h5,raw,t=9:14"
            isEnabled = "NO">
         </CommandLineArgument>
         <CommandLineArgument
            argument = "C1/ratioE1ZV1/3sm_sp2/R3_l_h6413_gT_dt_24_p2_0_g5P_g5P.fold.1835672416.h5,raw,t=11:18"
            isEnabled = "NO">
         </CommandLineArgument>
         <CommandLineArgument
            argument = "C1/ratioE1ZV1/3sm_sp2/R3_l_h6413_gT_dt_28_p2_0_g5P_g5P.fold.1835672416.h5,raw,t=13:18"
            isEnabled = "NO">
         </CommandLineArgument>
         <CommandLineArgument
            argument = "C1/ratioE1ZV1/3sm_sp2/R3_l_h6413_gT_dt_32_p2_0_g5P_g5P.fold.1835672416.h5,raw,t=13:24"
            isEnabled = "NO">
         </CommandLineArgument>
      </CommandLineArguments>
      <LocationScenarioReference
         identifier = "com.apple.dt.IDEFoundation.CurrentLocationScenarioIdentifier"
         referenceType = "1">
      </LocationScenarioReference>
   </LaunchAction>
   <ProfileAction
      buildConfiguration = "Release"
      shouldUseLaunchSchemeArgsEnv = "YES"
      savedToolIdentifier = ""
      useCustomWorkingDirectory = "YES"
      customWorkingDirectory = "$PROJECT_DIR/run"
      debugDocumentVersioning = "YES">
      <BuildableProductRunnable
         runnableDebuggingMode = "0">
         <BuildableReference
            BuildableIdentifier = "primary"
            BlueprintIdentifier = "682C5D5328E4FF5F00C8E004"
            BuildableName = "MultiFit"
            BlueprintName = "MultiFit"
            ReferencedContainer = "container:Utility.xcodeproj">
         </BuildableReference>
      </BuildableProductRunnable>
   </ProfileAction>
   <AnalyzeAction
      buildConfiguration = "Debug">
   </AnalyzeAction>
   <ArchiveAction
      buildConfiguration = "Release"
      revealArchiveInOrganizer = "YES">
   </ArchiveAction>
</Scheme>
