<?xml version="1.0" encoding="UTF-8"?>
<Scheme
   LastUpgradeVersion = "1120"
   version = "1.3">
   <BuildAction
      parallelizeBuildables = "YES"
      buildImplicitDependencies = "YES">
      <BuildActionEntries>
         <BuildActionEntry
            buildForTesting = "YES"
            buildForRunning = "YES"
            buildForProfiling = "YES"
            buildForArchiving = "YES"
            buildForAnalyzing = "YES">
            <BuildableReference
               BuildableIdentifier = "primary"
               BlueprintIdentifier = "688FEBE2238C1BE100977B09"
               BuildableName = "Optimal"
               BlueprintName = "Optimal"
               ReferencedContainer = "container:Utility.xcodeproj">
            </BuildableReference>
         </BuildActionEntry>
      </BuildActionEntries>
   </BuildAction>
   <TestAction
      buildConfiguration = "Debug"
      selectedDebuggerIdentifier = "Xcode.DebuggerFoundation.Debugger.LLDB"
      selectedLauncherIdentifier = "Xcode.DebuggerFoundation.Launcher.LLDB"
      shouldUseLaunchSchemeArgsEnv = "YES">
      <Testables>
      </Testables>
   </TestAction>
   <LaunchAction
      buildConfiguration = "Debug"
      selectedDebuggerIdentifier = "Xcode.DebuggerFoundation.Debugger.LLDB"
      selectedLauncherIdentifier = "Xcode.DebuggerFoundation.Launcher.LLDB"
      launchStyle = "0"
      useCustomWorkingDirectory = "YES"
      customWorkingDirectory = "$HOME/data/201910Plat/fit/testZ2"
      ignoresPersistentStateOnLaunch = "NO"
      debugDocumentVersioning = "YES"
      debugServiceExtension = "internal"
      allowLocationSimulation = "YES">
      <BuildableProductRunnable
         runnableDebuggingMode = "0">
         <BuildableReference
            BuildableIdentifier = "primary"
            BlueprintIdentifier = "688FEBE2238C1BE100977B09"
            BuildableName = "Optimal"
            BlueprintName = "Optimal"
            ReferencedContainer = "container:Utility.xcodeproj">
         </BuildableReference>
      </BuildableProductRunnable>
      <CommandLineArguments>
         <CommandLineArgument
            argument = "$(HOME)/data/201910Plat/bootstrap/Z2/h1_l_p_0_0_0_g5_g5.bootstrap.4147798751.h5"
            isEnabled = "YES">
         </CommandLineArgument>
         <CommandLineArgument
            argument = "$(HOME)/data/201910Plat/bootstrap/Z2/h1_l_p_0_0_0_g5_gT5.bootstrap.4147798751.h5"
            isEnabled = "YES">
         </CommandLineArgument>
         <CommandLineArgument
            argument = "$(HOME)/data/201910Plat/bootstrap/Z2/h1_l_p_0_0_0_gT5_g5.bootstrap.4147798751.h5"
            isEnabled = "YES">
         </CommandLineArgument>
         <CommandLineArgument
            argument = "$(HOME)/data/201910Plat/bootstrap/Z2/h1_l_p_0_0_0_gT5_gT5.bootstrap.4147798751.h5"
            isEnabled = "YES">
         </CommandLineArgument>
         <CommandLineArgument
            argument = "-f2"
            isEnabled = "YES">
         </CommandLineArgument>
         <CommandLineArgument
            argument = "--uncorr"
            isEnabled = "YES">
         </CommandLineArgument>
         <CommandLineArgument
            argument = "--ti 6 --tf 16"
            isEnabled = "YES">
         </CommandLineArgument>
         <CommandLineArgument
            argument = "--savecorr"
            isEnabled = "NO">
         </CommandLineArgument>
         <CommandLineArgument
            argument = "-o theta/"
            isEnabled = "YES">
         </CommandLineArgument>
      </CommandLineArguments>
   </LaunchAction>
   <ProfileAction
      buildConfiguration = "Release"
      shouldUseLaunchSchemeArgsEnv = "YES"
      savedToolIdentifier = ""
      useCustomWorkingDirectory = "NO"
      debugDocumentVersioning = "YES">
      <BuildableProductRunnable
         runnableDebuggingMode = "0">
         <BuildableReference
            BuildableIdentifier = "primary"
            BlueprintIdentifier = "688FEBE2238C1BE100977B09"
            BuildableName = "Optimal"
            BlueprintName = "Optimal"
            ReferencedContainer = "container:Utility.xcodeproj">
         </BuildableReference>
      </BuildableProductRunnable>
   </ProfileAction>
   <AnalyzeAction
      buildConfiguration = "Debug">
   </AnalyzeAction>
   <ArchiveAction
      buildConfiguration = "Release"
      revealArchiveInOrganizer = "YES">
   </ArchiveAction>
</Scheme>
