<?xml version="1.0" encoding="UTF-8"?>
<Scheme
   LastUpgradeVersion = "1170"
   version = "1.3">
   <BuildAction
      parallelizeBuildables = "YES"
      buildImplicitDependencies = "YES">
      <BuildActionEntries>
         <BuildActionEntry
            buildForTesting = "YES"
            buildForRunning = "YES"
            buildForProfiling = "YES"
            buildForArchiving = "YES"
            buildForAnalyzing = "YES">
            <BuildableReference
               BuildableIdentifier = "primary"
               BlueprintIdentifier = "684823342509160C00B31C1E"
               BuildableName = "Ratio"
               BlueprintName = "Ratio"
               ReferencedContainer = "container:Utility.xcodeproj">
            </BuildableReference>
         </BuildActionEntry>
      </BuildActionEntries>
   </BuildAction>
   <TestAction
      buildConfiguration = "Debug"
      selectedDebuggerIdentifier = "Xcode.DebuggerFoundation.Debugger.LLDB"
      selectedLauncherIdentifier = "Xcode.DebuggerFoundation.Launcher.LLDB"
      shouldUseLaunchSchemeArgsEnv = "YES">
      <Testables>
      </Testables>
   </TestAction>
   <LaunchAction
      buildConfiguration = "Debug"
      selectedDebuggerIdentifier = "Xcode.DebuggerFoundation.Debugger.LLDB"
      selectedLauncherIdentifier = "Xcode.DebuggerFoundation.Launcher.LLDB"
      launchStyle = "0"
      useCustomWorkingDirectory = "YES"
      customWorkingDirectory = "$HOME/data/Study3/M1/analyse/h447"
      ignoresPersistentStateOnLaunch = "NO"
      debugDocumentVersioning = "YES"
      debugServiceExtension = "internal"
      allowLocationSimulation = "YES">
      <BuildableProductRunnable
         runnableDebuggingMode = "0">
         <BuildableReference
            BuildableIdentifier = "primary"
            BlueprintIdentifier = "684823342509160C00B31C1E"
            BuildableName = "Ratio"
            BlueprintName = "Ratio"
            ReferencedContainer = "container:Utility.xcodeproj">
         </BuildableReference>
      </BuildableProductRunnable>
      <CommandLineArguments>
         <CommandLineArgument
            argument = "-i corr/3pt_s/ -c corr/2pt/ -o ratio/3pt_s/raw/"
            isEnabled = "YES">
         </CommandLineArgument>
         <CommandLineArgument
            argument = "-m fit/ Best_s.txt"
            isEnabled = "YES">
         </CommandLineArgument>
         <CommandLineArgument
            argument = "quark_h447_l_ps_0_0_0_gX_dt_&apos;*&apos;_p_1_0_0_g5[PW]_g5[PW].fold.1835672416.h5"
            isEnabled = "YES">
         </CommandLineArgument>
         <CommandLineArgument
            argument = "quark_h447_l_ps_0_0_0_gT_dt_&apos;*&apos;_p_[01]_0_0_g5[PW]_g5[PW].fold.1835672416.h5"
            isEnabled = "YES">
         </CommandLineArgument>
         <CommandLineArgument
            argument = "-m fit/2pt/ Best2pt.txt"
            isEnabled = "NO">
         </CommandLineArgument>
         <CommandLineArgument
            argument = "--snk g5Pg5W"
            isEnabled = "NO">
         </CommandLineArgument>
         <CommandLineArgument
            argument = "--src g5Pg5W"
            isEnabled = "NO">
         </CommandLineArgument>
         <CommandLineArgument
            argument = "&apos;*&apos;_h0_h3&apos;*&apos;.h5"
            isEnabled = "NO">
         </CommandLineArgument>
         <CommandLineArgument
            argument = "quark_h0_h3_gT_dt_&apos;*&apos;_p_0_0_0.corr_8_17.corr_8_17.N_&apos;*&apos;.phi_&apos;*&apos;_theta_&apos;*&apos;_g5Pg5W_g5Pg5W.fold.1835672416.h5"
            isEnabled = "NO">
         </CommandLineArgument>
      </CommandLineArguments>
   </LaunchAction>
   <ProfileAction
      buildConfiguration = "Release"
      shouldUseLaunchSchemeArgsEnv = "YES"
      savedToolIdentifier = ""
      useCustomWorkingDirectory = "NO"
      debugDocumentVersioning = "YES">
      <BuildableProductRunnable
         runnableDebuggingMode = "0">
         <BuildableReference
            BuildableIdentifier = "primary"
            BlueprintIdentifier = "684823342509160C00B31C1E"
            BuildableName = "Ratio"
            BlueprintName = "Ratio"
            ReferencedContainer = "container:Utility.xcodeproj">
         </BuildableReference>
      </BuildableProductRunnable>
   </ProfileAction>
   <AnalyzeAction
      buildConfiguration = "Debug">
   </AnalyzeAction>
   <ArchiveAction
      buildConfiguration = "Release"
      revealArchiveInOrganizer = "YES">
   </ArchiveAction>
</Scheme>
