<?xml version="1.0" encoding="UTF-8"?>
<Scheme
   LastUpgradeVersion = "1400"
   version = "1.3">
   <BuildAction
      parallelizeBuildables = "YES"
      buildImplicitDependencies = "YES">
      <BuildActionEntries>
         <BuildActionEntry
            buildForTesting = "YES"
            buildForRunning = "YES"
            buildForProfiling = "YES"
            buildForArchiving = "YES"
            buildForAnalyzing = "YES">
            <BuildableReference
               BuildableIdentifier = "primary"
               BlueprintIdentifier = "682C5CB828E4F9D300C8E004"
               BuildableName = "bootstrap"
               BlueprintName = "bootstrap"
               ReferencedContainer = "container:MLU.xcodeproj">
            </BuildableReference>
         </BuildActionEntry>
      </BuildActionEntries>
   </BuildAction>
   <TestAction
      buildConfiguration = "Debug"
      selectedDebuggerIdentifier = "Xcode.DebuggerFoundation.Debugger.LLDB"
      selectedLauncherIdentifier = "Xcode.DebuggerFoundation.Launcher.LLDB"
      shouldUseLaunchSchemeArgsEnv = "YES">
      <Testables>
      </Testables>
   </TestAction>
   <LaunchAction
      buildConfiguration = "Debug"
      selectedDebuggerIdentifier = "Xcode.DebuggerFoundation.Debugger.LLDB"
      selectedLauncherIdentifier = "Xcode.DebuggerFoundation.Launcher.LLDB"
      launchStyle = "0"
      useCustomWorkingDirectory = "YES"
      customWorkingDirectory = "$PROJECT_DIR/run"
      ignoresPersistentStateOnLaunch = "NO"
      debugDocumentVersioning = "YES"
      debugServiceExtension = "internal"
      allowLocationSimulation = "YES"
      viewDebuggingEnabled = "No">
      <BuildableProductRunnable
         runnableDebuggingMode = "0">
         <BuildableReference
            BuildableIdentifier = "primary"
            BlueprintIdentifier = "682C5CB828E4F9D300C8E004"
            BuildableName = "bootstrap"
            BlueprintName = "bootstrap"
            ReferencedContainer = "container:MLU.xcodeproj">
         </BuildableReference>
      </BuildableProductRunnable>
      <CommandLineArguments>
         <CommandLineArgument
            argument = "--overwrite"
            isEnabled = "YES">
         </CommandLineArgument>
         <CommandLineArgument
            argument = "-e test"
            isEnabled = "YES">
         </CommandLineArgument>
         <CommandLineArgument
            argument = "-ag5 --p2"
            isEnabled = "YES">
         </CommandLineArgument>
         <CommandLineArgument
            argument = "-cgT,gXYZ "
            isEnabled = "YES">
         </CommandLineArgument>
         <CommandLineArgument
            argument = "-i /Volumes/QCD/tursa/semilep/data/M1/M1."
            isEnabled = "NO">
         </CommandLineArgument>
         <CommandLineArgument
            argument = "-o test/bootstrap/2ptp2/ test/data/2pt/&apos;*&apos;.h5"
            isEnabled = "NO">
         </CommandLineArgument>
         <CommandLineArgument
            argument = "-o test/bootstrap/3pt_sp2/ test/data/3pt/ZFPP/&apos;*&apos;.h5"
            isEnabled = "NO">
         </CommandLineArgument>
         <CommandLineArgument
            argument = "-o test/bootstrap/3sm_sp2/ test/data/3pt/ZFPP/&apos;*&apos;.h5 --timerev"
            isEnabled = "YES">
         </CommandLineArgument>
      </CommandLineArguments>
      <EnvironmentVariables>
         <EnvironmentVariable
            key = "MLUFat"
            value = ""
            isEnabled = "NO">
         </EnvironmentVariable>
         <EnvironmentVariable
            key = "MLUSeed"
            value = "Jackknife"
            isEnabled = "NO">
         </EnvironmentVariable>
         <EnvironmentVariable
            key = "MLUSeed"
            value = "/Users/mike/Source/Utility/run/test/bootstrap.golden/3pt_sp2/quark_l_h6413_gXYZ_dt_20_p2_0_ps2_1_g5P_g5P.bootstrap.1835672416.h5"
            isEnabled = "NO">
         </EnvironmentVariable>
         <EnvironmentVariable
            key = "MLUSeed"
            value = "Tursa.160.Random.1835672416.h5"
            isEnabled = "NO">
         </EnvironmentVariable>
         <EnvironmentVariable
            key = "MLUHost"
            value = "Tursa"
            isEnabled = "NO">
         </EnvironmentVariable>
         <EnvironmentVariable
            key = "MLUCache"
            value = ""
            isEnabled = "NO">
         </EnvironmentVariable>
      </EnvironmentVariables>
   </LaunchAction>
   <ProfileAction
      buildConfiguration = "Release"
      shouldUseLaunchSchemeArgsEnv = "YES"
      savedToolIdentifier = ""
      useCustomWorkingDirectory = "NO"
      debugDocumentVersioning = "YES">
      <BuildableProductRunnable
         runnableDebuggingMode = "0">
         <BuildableReference
            BuildableIdentifier = "primary"
            BlueprintIdentifier = "682C5CB828E4F9D300C8E004"
            BuildableName = "bootstrap"
            BlueprintName = "bootstrap"
            ReferencedContainer = "container:MLU.xcodeproj">
         </BuildableReference>
      </BuildableProductRunnable>
   </ProfileAction>
   <AnalyzeAction
      buildConfiguration = "Debug">
   </AnalyzeAction>
   <ArchiveAction
      buildConfiguration = "Release"
      revealArchiveInOrganizer = "YES">
   </ArchiveAction>
</Scheme>
