// !$*UTF8*$!
{
	archiveVersion = 1;
	classes = {
	};
	objectVersion = 50;
	objects = {

/* Begin PBXBuildFile section */
		6815510A22CBCB74009AB4AD /* MultiFit.cpp in Sources */ = {isa = PBXBuildFile; fileRef = 681550FE22CBC9B9009AB4AD /* MultiFit.cpp */; };
		6815510D22CBE8B6009AB4AD /* Common.cpp in Sources */ = {isa = PBXBuildFile; fileRef = 6815510C22CBE676009AB4AD /* Common.cpp */; };
		6815510E22CBF569009AB4AD /* Common.cpp in Sources */ = {isa = PBXBuildFile; fileRef = 6815510C22CBE676009AB4AD /* Common.cpp */; };
		6816B51722D87314004CBEC4 /* broken.cc in Sources */ = {isa = PBXBuildFile; fileRef = 6816B51622D87314004CBEC4 /* broken.cc */; };
		6822E8C022A7057400A85993 /* bootstrap.cpp in Sources */ = {isa = PBXBuildFile; fileRef = 6822E8BF22A7057400A85993 /* bootstrap.cpp */; };
		68AC6DED22A7115600D42F70 /* peramb-compare.cpp in Sources */ = {isa = PBXBuildFile; fileRef = 6822E8C722A708A200A85993 /* peramb-compare.cpp */; };
/* End PBXBuildFile section */

/* Begin PBXCopyFilesBuildPhase section */
		6815510122CBCB61009AB4AD /* CopyFiles */ = {
			isa = PBXCopyFilesBuildPhase;
			buildActionMask = 2147483647;
			dstPath = /usr/share/man/man1/;
			dstSubfolderSpec = 0;
			files = (
			);
			runOnlyForDeploymentPostprocessing = 1;
		};
		6816B51222D87314004CBEC4 /* CopyFiles */ = {
			isa = PBXCopyFilesBuildPhase;
			buildActionMask = 2147483647;
			dstPath = /usr/share/man/man1/;
			dstSubfolderSpec = 0;
			files = (
			);
			runOnlyForDeploymentPostprocessing = 1;
		};
		6822E8BA22A7057400A85993 /* CopyFiles */ = {
			isa = PBXCopyFilesBuildPhase;
			buildActionMask = 2147483647;
			dstPath = /usr/share/man/man1/;
			dstSubfolderSpec = 0;
			files = (
			);
			runOnlyForDeploymentPostprocessing = 1;
		};
		68AC6DE422A7114900D42F70 /* CopyFiles */ = {
			isa = PBXCopyFilesBuildPhase;
			buildActionMask = 2147483647;
			dstPath = /usr/share/man/man1/;
			dstSubfolderSpec = 0;
			files = (
			);
			runOnlyForDeploymentPostprocessing = 1;
		};
/* End PBXCopyFilesBuildPhase section */

/* Begin PBXFileReference section */
		681550FD22CBC9B9009AB4AD /* MultiFit.hpp */ = {isa = PBXFileReference; lastKnownFileType = sourcecode.cpp.h; path = MultiFit.hpp; sourceTree = "<group>"; };
		681550FE22CBC9B9009AB4AD /* MultiFit.cpp */ = {isa = PBXFileReference; lastKnownFileType = sourcecode.cpp.cpp; path = MultiFit.cpp; sourceTree = "<group>"; };
		6815510322CBCB61009AB4AD /* MultiFit */ = {isa = PBXFileReference; explicitFileType = "compiled.mach-o.executable"; includeInIndex = 0; path = MultiFit; sourceTree = BUILT_PRODUCTS_DIR; };
		6815510B22CBE676009AB4AD /* Common.hpp */ = {isa = PBXFileReference; lastKnownFileType = sourcecode.cpp.h; path = Common.hpp; sourceTree = "<group>"; };
		6815510C22CBE676009AB4AD /* Common.cpp */ = {isa = PBXFileReference; lastKnownFileType = sourcecode.cpp.cpp; path = Common.cpp; sourceTree = "<group>"; };
		6816B51422D87314004CBEC4 /* broken */ = {isa = PBXFileReference; explicitFileType = "compiled.mach-o.executable"; includeInIndex = 0; path = broken; sourceTree = BUILT_PRODUCTS_DIR; };
		6816B51622D87314004CBEC4 /* broken.cc */ = {isa = PBXFileReference; lastKnownFileType = sourcecode.cpp.cpp; path = broken.cc; sourceTree = "<group>"; };
		6822E8BC22A7057400A85993 /* bootstrap */ = {isa = PBXFileReference; explicitFileType = "compiled.mach-o.executable"; includeInIndex = 0; path = bootstrap; sourceTree = BUILT_PRODUCTS_DIR; };
		6822E8BF22A7057400A85993 /* bootstrap.cpp */ = {isa = PBXFileReference; lastKnownFileType = sourcecode.cpp.cpp; path = bootstrap.cpp; sourceTree = "<group>"; };
		6822E8C722A708A200A85993 /* peramb-compare.cpp */ = {isa = PBXFileReference; lastKnownFileType = sourcecode.cpp.cpp; path = "peramb-compare.cpp"; sourceTree = "<group>"; };
		6822E8C822A710FA00A85993 /* Scripts */ = {isa = PBXFileReference; lastKnownFileType = folder; path = Scripts; sourceTree = "<group>"; };
		6842CB9722A9165C003014D2 /* build */ = {isa = PBXFileReference; lastKnownFileType = folder; path = build; sourceTree = "<group>"; };
		68AC6DE622A7114900D42F70 /* peramb-compare */ = {isa = PBXFileReference; explicitFileType = "compiled.mach-o.executable"; includeInIndex = 0; path = "peramb-compare"; sourceTree = BUILT_PRODUCTS_DIR; };
/* End PBXFileReference section */

/* Begin PBXFrameworksBuildPhase section */
		6815510022CBCB61009AB4AD /* Frameworks */ = {
			isa = PBXFrameworksBuildPhase;
			buildActionMask = 2147483647;
			files = (
			);
			runOnlyForDeploymentPostprocessing = 0;
		};
		6816B51122D87314004CBEC4 /* Frameworks */ = {
			isa = PBXFrameworksBuildPhase;
			buildActionMask = 2147483647;
			files = (
			);
			runOnlyForDeploymentPostprocessing = 0;
		};
		6822E8B922A7057400A85993 /* Frameworks */ = {
			isa = PBXFrameworksBuildPhase;
			buildActionMask = 2147483647;
			files = (
			);
			runOnlyForDeploymentPostprocessing = 0;
		};
		68AC6DE322A7114900D42F70 /* Frameworks */ = {
			isa = PBXFrameworksBuildPhase;
			buildActionMask = 2147483647;
			files = (
			);
			runOnlyForDeploymentPostprocessing = 0;
		};
/* End PBXFrameworksBuildPhase section */

/* Begin PBXGroup section */
		6816B51522D87314004CBEC4 /* broken */ = {
			isa = PBXGroup;
			children = (
				6816B51622D87314004CBEC4 /* broken.cc */,
			);
			path = broken;
			sourceTree = "<group>";
		};
		6822E8B322A7057400A85993 = {
			isa = PBXGroup;
			children = (
				6822E8BE22A7057400A85993 /* Analyze */,
				6842CB9722A9165C003014D2 /* build */,
				6822E8C822A710FA00A85993 /* Scripts */,
				6816B51522D87314004CBEC4 /* broken */,
				6822E8BD22A7057400A85993 /* Products */,
			);
			sourceTree = "<group>";
		};
		6822E8BD22A7057400A85993 /* Products */ = {
			isa = PBXGroup;
			children = (
				6822E8BC22A7057400A85993 /* bootstrap */,
				68AC6DE622A7114900D42F70 /* peramb-compare */,
				6815510322CBCB61009AB4AD /* MultiFit */,
				6816B51422D87314004CBEC4 /* broken */,
			);
			name = Products;
			sourceTree = "<group>";
		};
		6822E8BE22A7057400A85993 /* Analyze */ = {
			isa = PBXGroup;
			children = (
				6815510C22CBE676009AB4AD /* Common.cpp */,
				6815510B22CBE676009AB4AD /* Common.hpp */,
				681550FE22CBC9B9009AB4AD /* MultiFit.cpp */,
				681550FD22CBC9B9009AB4AD /* MultiFit.hpp */,
				6822E8BF22A7057400A85993 /* bootstrap.cpp */,
				6822E8C722A708A200A85993 /* peramb-compare.cpp */,
			);
			path = Analyze;
			sourceTree = "<group>";
		};
/* End PBXGroup section */

/* Begin PBXNativeTarget section */
		6815510222CBCB61009AB4AD /* MultiFit */ = {
			isa = PBXNativeTarget;
			buildConfigurationList = 6815510722CBCB61009AB4AD /* Build configuration list for PBXNativeTarget "MultiFit" */;
			buildPhases = (
				681550FF22CBCB61009AB4AD /* Sources */,
				6815510022CBCB61009AB4AD /* Frameworks */,
				6815510122CBCB61009AB4AD /* CopyFiles */,
			);
			buildRules = (
			);
			dependencies = (
			);
			name = MultiFit;
			productName = MultiFit;
			productReference = 6815510322CBCB61009AB4AD /* MultiFit */;
			productType = "com.apple.product-type.tool";
		};
		6816B51322D87314004CBEC4 /* broken */ = {
			isa = PBXNativeTarget;
			buildConfigurationList = 6816B51A22D87314004CBEC4 /* Build configuration list for PBXNativeTarget "broken" */;
			buildPhases = (
				6816B51022D87314004CBEC4 /* Sources */,
				6816B51122D87314004CBEC4 /* Frameworks */,
				6816B51222D87314004CBEC4 /* CopyFiles */,
			);
			buildRules = (
			);
			dependencies = (
			);
			name = broken;
			productName = broken;
			productReference = 6816B51422D87314004CBEC4 /* broken */;
			productType = "com.apple.product-type.tool";
		};
		6822E8BB22A7057400A85993 /* bootstrap */ = {
			isa = PBXNativeTarget;
			buildConfigurationList = 6822E8C322A7057400A85993 /* Build configuration list for PBXNativeTarget "bootstrap" */;
			buildPhases = (
				6822E8B822A7057400A85993 /* Sources */,
				6822E8B922A7057400A85993 /* Frameworks */,
				6822E8BA22A7057400A85993 /* CopyFiles */,
			);
			buildRules = (
			);
			dependencies = (
			);
			name = bootstrap;
			productName = Utility;
			productReference = 6822E8BC22A7057400A85993 /* bootstrap */;
			productType = "com.apple.product-type.tool";
		};
		68AC6DE522A7114900D42F70 /* peramb-compare */ = {
			isa = PBXNativeTarget;
			buildConfigurationList = 68AC6DEC22A7114A00D42F70 /* Build configuration list for PBXNativeTarget "peramb-compare" */;
			buildPhases = (
				68AC6DE222A7114900D42F70 /* Sources */,
				68AC6DE322A7114900D42F70 /* Frameworks */,
				68AC6DE422A7114900D42F70 /* CopyFiles */,
			);
			buildRules = (
			);
			dependencies = (
			);
			name = "peramb-compare";
			productName = "peramb-compare";
			productReference = 68AC6DE622A7114900D42F70 /* peramb-compare */;
			productType = "com.apple.product-type.tool";
		};
/* End PBXNativeTarget section */

/* Begin PBXProject section */
		6822E8B422A7057400A85993 /* Project object */ = {
			isa = PBXProject;
			attributes = {
				LastUpgradeCheck = 1020;
				ORGANIZATIONNAME = sopa;
				TargetAttributes = {
					6815510222CBCB61009AB4AD = {
						CreatedOnToolsVersion = 10.2.1;
					};
					6816B51322D87314004CBEC4 = {
						CreatedOnToolsVersion = 10.2.1;
					};
					6822E8BB22A7057400A85993 = {
						CreatedOnToolsVersion = 10.2.1;
					};
					68AC6DE522A7114900D42F70 = {
						CreatedOnToolsVersion = 10.2.1;
					};
				};
			};
			buildConfigurationList = 6822E8B722A7057400A85993 /* Build configuration list for PBXProject "Utility" */;
			compatibilityVersion = "Xcode 9.3";
			developmentRegion = en;
			hasScannedForEncodings = 0;
			knownRegions = (
				en,
			);
			mainGroup = 6822E8B322A7057400A85993;
			productRefGroup = 6822E8BD22A7057400A85993 /* Products */;
			projectDirPath = "";
			projectRoot = "";
			targets = (
				6822E8BB22A7057400A85993 /* bootstrap */,
				68AC6DE522A7114900D42F70 /* peramb-compare */,
				6815510222CBCB61009AB4AD /* MultiFit */,
				6816B51322D87314004CBEC4 /* broken */,
			);
		};
/* End PBXProject section */

/* Begin PBXSourcesBuildPhase section */
		681550FF22CBCB61009AB4AD /* Sources */ = {
			isa = PBXSourcesBuildPhase;
			buildActionMask = 2147483647;
			files = (
				6815510D22CBE8B6009AB4AD /* Common.cpp in Sources */,
				6815510A22CBCB74009AB4AD /* MultiFit.cpp in Sources */,
			);
			runOnlyForDeploymentPostprocessing = 0;
		};
		6816B51022D87314004CBEC4 /* Sources */ = {
			isa = PBXSourcesBuildPhase;
			buildActionMask = 2147483647;
			files = (
				6816B51722D87314004CBEC4 /* broken.cc in Sources */,
			);
			runOnlyForDeploymentPostprocessing = 0;
		};
		6822E8B822A7057400A85993 /* Sources */ = {
			isa = PBXSourcesBuildPhase;
			buildActionMask = 2147483647;
			files = (
				6815510E22CBF569009AB4AD /* Common.cpp in Sources */,
				6822E8C022A7057400A85993 /* bootstrap.cpp in Sources */,
			);
			runOnlyForDeploymentPostprocessing = 0;
		};
		68AC6DE222A7114900D42F70 /* Sources */ = {
			isa = PBXSourcesBuildPhase;
			buildActionMask = 2147483647;
			files = (
				68AC6DED22A7115600D42F70 /* peramb-compare.cpp in Sources */,
			);
			runOnlyForDeploymentPostprocessing = 0;
		};
/* End PBXSourcesBuildPhase section */

/* Begin XCBuildConfiguration section */
		6815510822CBCB61009AB4AD /* Debug */ = {
			isa = XCBuildConfiguration;
			buildSettings = {
				CODE_SIGN_STYLE = Automatic;
				INSTALL_PATH = /;
				PRODUCT_NAME = "$(TARGET_NAME)";
			};
			name = Debug;
		};
		6815510922CBCB61009AB4AD /* Release */ = {
			isa = XCBuildConfiguration;
			buildSettings = {
				CODE_SIGN_STYLE = Automatic;
				INSTALL_PATH = /;
				PRODUCT_NAME = "$(TARGET_NAME)";
			};
			name = Release;
		};
		6816B51822D87314004CBEC4 /* Debug */ = {
			isa = XCBuildConfiguration;
			buildSettings = {
				CODE_SIGN_STYLE = Automatic;
				INSTALL_PATH = /;
				PRODUCT_NAME = "$(TARGET_NAME)";
			};
			name = Debug;
		};
		6816B51922D87314004CBEC4 /* Release */ = {
			isa = XCBuildConfiguration;
			buildSettings = {
				CODE_SIGN_STYLE = Automatic;
				INSTALL_PATH = /;
				PRODUCT_NAME = "$(TARGET_NAME)";
			};
			name = Release;
		};
		6822E8C122A7057400A85993 /* Debug */ = {
			isa = XCBuildConfiguration;
			buildSettings = {
				ALWAYS_SEARCH_USER_PATHS = NO;
				CLANG_ANALYZER_NONNULL = YES;
				CLANG_ANALYZER_NUMBER_OBJECT_CONVERSION = YES_AGGRESSIVE;
				CLANG_CXX_LANGUAGE_STANDARD = "gnu++14";
				CLANG_CXX_LIBRARY = "libc++";
				CLANG_ENABLE_MODULES = YES;
				CLANG_ENABLE_OBJC_ARC = YES;
				CLANG_ENABLE_OBJC_WEAK = YES;
				CLANG_WARN_BLOCK_CAPTURE_AUTORELEASING = YES;
				CLANG_WARN_BOOL_CONVERSION = YES;
				CLANG_WARN_COMMA = YES;
				CLANG_WARN_CONSTANT_CONVERSION = YES;
				CLANG_WARN_DEPRECATED_OBJC_IMPLEMENTATIONS = YES;
				CLANG_WARN_DIRECT_OBJC_ISA_USAGE = YES_ERROR;
				CLANG_WARN_DOCUMENTATION_COMMENTS = YES;
				CLANG_WARN_EMPTY_BODY = YES;
				CLANG_WARN_ENUM_CONVERSION = YES;
				CLANG_WARN_INFINITE_RECURSION = YES;
				CLANG_WARN_INT_CONVERSION = YES;
				CLANG_WARN_NON_LITERAL_NULL_CONVERSION = YES;
				CLANG_WARN_OBJC_IMPLICIT_RETAIN_SELF = YES;
				CLANG_WARN_OBJC_LITERAL_CONVERSION = YES;
				CLANG_WARN_OBJC_ROOT_CLASS = YES_ERROR;
				CLANG_WARN_RANGE_LOOP_ANALYSIS = YES;
				CLANG_WARN_STRICT_PROTOTYPES = YES;
				CLANG_WARN_SUSPICIOUS_MOVE = YES;
				CLANG_WARN_UNGUARDED_AVAILABILITY = YES_AGGRESSIVE;
				CLANG_WARN_UNREACHABLE_CODE = YES;
				CLANG_WARN__DUPLICATE_METHOD_MATCH = YES;
				CODE_SIGN_IDENTITY = "-";
				COPY_PHASE_STRIP = NO;
				DEBUG_INFORMATION_FORMAT = dwarf;
				DEPLOYMENT_LOCATION = YES;
				DSTROOT = $PROJECT_DIR/build;
				ENABLE_STRICT_OBJC_MSGSEND = YES;
				ENABLE_TESTABILITY = YES;
				GCC_C_LANGUAGE_STANDARD = gnu11;
				GCC_DYNAMIC_NO_PIC = NO;
				GCC_NO_COMMON_BLOCKS = YES;
				GCC_OPTIMIZATION_LEVEL = 0;
				GCC_PREPROCESSOR_DEFINITIONS = (
					"DEBUG=1",
					"$(inherited)",
				);
				GCC_WARN_64_TO_32_BIT_CONVERSION = YES;
				GCC_WARN_ABOUT_RETURN_TYPE = YES_ERROR;
				GCC_WARN_UNDECLARED_SELECTOR = YES;
				GCC_WARN_UNINITIALIZED_AUTOS = YES_AGGRESSIVE;
				GCC_WARN_UNUSED_FUNCTION = YES;
				GCC_WARN_UNUSED_VARIABLE = YES;
				HEADER_SEARCH_PATHS = (
					$LatAnalyzeBuild,
					$LatAnalyze/lib,
					$GridPkg/include,
					$GridPre/include,
					$GridBuild/Grid,
					$Grid,
					$GridPre/openmpi/include,
					$GridPre/lime/include,
				);
				INCLUDED_RECURSIVE_SEARCH_PATH_SUBDIRECTORIES = "";
				LIBRARY_SEARCH_PATHS = (
					$GridPkg/lib,
					$GridPre/lib,
					$GridBuild/Grid,
					$GridBuild/Hadrons,
					$GridPre/openmpi/lib,
					$GridPre/lime/lib,
					$LatAnalyzeBuild/lib/.libs,
				);
				MACOSX_DEPLOYMENT_TARGET = 10.14;
				MTL_ENABLE_DEBUG_INFO = INCLUDE_SOURCE;
				MTL_FAST_MATH = YES;
				ONLY_ACTIVE_ARCH = YES;
				OTHER_LDFLAGS = (
					"-lLatAnalyzeXcode",
					"-lLexers",
					"-lgsl",
					"-lgslcblas",
					"-lm",
					"-lnlopt_cxx",
					"-lhdf5_cpp",
					"-lhdf5",
					"-lMinuit2",
					"-lGrid",
					"-lHadrons",
					"-lmpi",
					"-lz",
					"-lcrypto",
					"-llime",
					"-lfftw3f",
					"-lfftw3",
					"-lmpfr",
					"-lgmp",
				);
				SDKROOT = macosx;
			};
			name = Debug;
		};
		6822E8C222A7057400A85993 /* Release */ = {
			isa = XCBuildConfiguration;
			buildSettings = {
				ALWAYS_SEARCH_USER_PATHS = NO;
				CLANG_ANALYZER_NONNULL = YES;
				CLANG_ANALYZER_NUMBER_OBJECT_CONVERSION = YES_AGGRESSIVE;
				CLANG_CXX_LANGUAGE_STANDARD = "gnu++14";
				CLANG_CXX_LIBRARY = "libc++";
				CLANG_ENABLE_MODULES = YES;
				CLANG_ENABLE_OBJC_ARC = YES;
				CLANG_ENABLE_OBJC_WEAK = YES;
				CLANG_WARN_BLOCK_CAPTURE_AUTORELEASING = YES;
				CLANG_WARN_BOOL_CONVERSION = YES;
				CLANG_WARN_COMMA = YES;
				CLANG_WARN_CONSTANT_CONVERSION = YES;
				CLANG_WARN_DEPRECATED_OBJC_IMPLEMENTATIONS = YES;
				CLANG_WARN_DIRECT_OBJC_ISA_USAGE = YES_ERROR;
				CLANG_WARN_DOCUMENTATION_COMMENTS = YES;
				CLANG_WARN_EMPTY_BODY = YES;
				CLANG_WARN_ENUM_CONVERSION = YES;
				CLANG_WARN_INFINITE_RECURSION = YES;
				CLANG_WARN_INT_CONVERSION = YES;
				CLANG_WARN_NON_LITERAL_NULL_CONVERSION = YES;
				CLANG_WARN_OBJC_IMPLICIT_RETAIN_SELF = YES;
				CLANG_WARN_OBJC_LITERAL_CONVERSION = YES;
				CLANG_WARN_OBJC_ROOT_CLASS = YES_ERROR;
				CLANG_WARN_RANGE_LOOP_ANALYSIS = YES;
				CLANG_WARN_STRICT_PROTOTYPES = YES;
				CLANG_WARN_SUSPICIOUS_MOVE = YES;
				CLANG_WARN_UNGUARDED_AVAILABILITY = YES_AGGRESSIVE;
				CLANG_WARN_UNREACHABLE_CODE = YES;
				CLANG_WARN__DUPLICATE_METHOD_MATCH = YES;
				CODE_SIGN_IDENTITY = "-";
				COPY_PHASE_STRIP = NO;
				DEBUG_INFORMATION_FORMAT = "dwarf-with-dsym";
				DEPLOYMENT_LOCATION = YES;
				DSTROOT = $PROJECT_DIR/build;
				ENABLE_NS_ASSERTIONS = NO;
				ENABLE_STRICT_OBJC_MSGSEND = YES;
				GCC_C_LANGUAGE_STANDARD = gnu11;
				GCC_NO_COMMON_BLOCKS = YES;
				GCC_WARN_64_TO_32_BIT_CONVERSION = YES;
				GCC_WARN_ABOUT_RETURN_TYPE = YES_ERROR;
				GCC_WARN_UNDECLARED_SELECTOR = YES;
				GCC_WARN_UNINITIALIZED_AUTOS = YES_AGGRESSIVE;
				GCC_WARN_UNUSED_FUNCTION = YES;
				GCC_WARN_UNUSED_VARIABLE = YES;
				HEADER_SEARCH_PATHS = (
					$LatAnalyzeBuild,
					$LatAnalyze/lib,
					$GridPkg/include,
					$GridPre/include,
					$GridBuild/Grid,
					$Grid,
					$GridPre/openmpi/include,
					$GridPre/lime/include,
				);
				INCLUDED_RECURSIVE_SEARCH_PATH_SUBDIRECTORIES = "";
				LIBRARY_SEARCH_PATHS = (
					$GridPkg/lib,
					$GridPre/lib,
					$GridBuild/Grid,
					$GridBuild/Hadrons,
					$GridPre/openmpi/lib,
					$GridPre/lime/lib,
					$LatAnalyzeBuild/lib/.libs,
				);
				MACOSX_DEPLOYMENT_TARGET = 10.14;
				MTL_ENABLE_DEBUG_INFO = NO;
				MTL_FAST_MATH = YES;
				OTHER_LDFLAGS = (
					"-lLatAnalyzeXcode",
					"-lLexers",
					"-lgsl",
					"-lgslcblas",
					"-lm",
					"-lnlopt_cxx",
					"-lhdf5_cpp",
					"-lhdf5",
					"-lMinuit2",
					"-lGrid",
					"-lHadrons",
					"-lmpi",
					"-lz",
					"-lcrypto",
					"-llime",
					"-lfftw3f",
					"-lfftw3",
					"-lmpfr",
					"-lgmp",
				);
				SDKROOT = macosx;
			};
			name = Release;
		};
		6822E8C422A7057400A85993 /* Debug */ = {
			isa = XCBuildConfiguration;
			buildSettings = {
				CODE_SIGN_STYLE = Automatic;
				INSTALL_PATH = /;
				PRODUCT_NAME = "$(TARGET_NAME)";
				SKIP_INSTALL = NO;
			};
			name = Debug;
		};
		6822E8C522A7057400A85993 /* Release */ = {
			isa = XCBuildConfiguration;
			buildSettings = {
				CODE_SIGN_STYLE = Automatic;
				INSTALL_PATH = /;
				PRODUCT_NAME = "$(TARGET_NAME)";
				SKIP_INSTALL = NO;
			};
			name = Release;
		};
		68AC6DEA22A7114A00D42F70 /* Debug */ = {
			isa = XCBuildConfiguration;
			buildSettings = {
				CODE_SIGN_STYLE = Automatic;
				INSTALL_PATH = /;
				PRODUCT_NAME = "$(TARGET_NAME)";
				SKIP_INSTALL = NO;
			};
			name = Debug;
		};
		68AC6DEB22A7114A00D42F70 /* Release */ = {
			isa = XCBuildConfiguration;
			buildSettings = {
				CODE_SIGN_STYLE = Automatic;
				INSTALL_PATH = /;
				PRODUCT_NAME = "$(TARGET_NAME)";
				SKIP_INSTALL = NO;
			};
			name = Release;
		};
/* End XCBuildConfiguration section */

/* Begin XCConfigurationList section */
		6815510722CBCB61009AB4AD /* Build configuration list for PBXNativeTarget "MultiFit" */ = {
			isa = XCConfigurationList;
			buildConfigurations = (
				6815510822CBCB61009AB4AD /* Debug */,
				6815510922CBCB61009AB4AD /* Release */,
			);
			defaultConfigurationIsVisible = 0;
			defaultConfigurationName = Release;
		};
		6816B51A22D87314004CBEC4 /* Build configuration list for PBXNativeTarget "broken" */ = {
			isa = XCConfigurationList;
			buildConfigurations = (
				6816B51822D87314004CBEC4 /* Debug */,
				6816B51922D87314004CBEC4 /* Release */,
			);
			defaultConfigurationIsVisible = 0;
			defaultConfigurationName = Release;
		};
		6822E8B722A7057400A85993 /* Build configuration list for PBXProject "Utility" */ = {
			isa = XCConfigurationList;
			buildConfigurations = (
				6822E8C122A7057400A85993 /* Debug */,
				6822E8C222A7057400A85993 /* Release */,
			);
			defaultConfigurationIsVisible = 0;
			defaultConfigurationName = Release;
		};
		6822E8C322A7057400A85993 /* Build configuration list for PBXNativeTarget "bootstrap" */ = {
			isa = XCConfigurationList;
			buildConfigurations = (
				6822E8C422A7057400A85993 /* Debug */,
				6822E8C522A7057400A85993 /* Release */,
			);
			defaultConfigurationIsVisible = 0;
			defaultConfigurationName = Release;
		};
		68AC6DEC22A7114A00D42F70 /* Build configuration list for PBXNativeTarget "peramb-compare" */ = {
			isa = XCConfigurationList;
			buildConfigurations = (
				68AC6DEA22A7114A00D42F70 /* Debug */,
				68AC6DEB22A7114A00D42F70 /* Release */,
			);
			defaultConfigurationIsVisible = 0;
			defaultConfigurationName = Release;
		};
/* End XCConfigurationList section */
	};
	rootObject = 6822E8B422A7057400A85993 /* Project object */;
}
