<?xml version="1.0" encoding="UTF-8"?>
<Scheme
   LastUpgradeVersion = "1610"
   version = "1.7">
   <BuildAction
      parallelizeBuildables = "YES"
      buildImplicitDependencies = "YES"
      buildArchitectures = "Automatic">
      <BuildActionEntries>
         <BuildActionEntry
            buildForTesting = "YES"
            buildForRunning = "YES"
            buildForProfiling = "YES"
            buildForArchiving = "YES"
            buildForAnalyzing = "YES">
            <BuildableReference
               BuildableIdentifier = "primary"
               BlueprintIdentifier = "274505C22CFA4C60001A9F64"
               BuildableName = "corr"
               BlueprintName = "corr"
               ReferencedContainer = "container:MLU.xcodeproj">
            </BuildableReference>
         </BuildActionEntry>
      </BuildActionEntries>
   </BuildAction>
   <TestAction
      buildConfiguration = "Debug"
      selectedDebuggerIdentifier = "Xcode.DebuggerFoundation.Debugger.LLDB"
      selectedLauncherIdentifier = "Xcode.DebuggerFoundation.Launcher.LLDB"
      shouldUseLaunchSchemeArgsEnv = "YES"
      shouldAutocreateTestPlan = "YES">
   </TestAction>
   <LaunchAction
      buildConfiguration = "Debug"
      selectedDebuggerIdentifier = "Xcode.DebuggerFoundation.Debugger.LLDB"
      selectedLauncherIdentifier = "Xcode.DebuggerFoundation.Launcher.LLDB"
      launchStyle = "0"
      useCustomWorkingDirectory = "YES"
      customWorkingDirectory = "$PROJECT_DIR/run"
      ignoresPersistentStateOnLaunch = "NO"
      debugDocumentVersioning = "YES"
      debugServiceExtension = "internal"
      allowLocationSimulation = "YES"
      viewDebuggingEnabled = "No">
      <BuildableProductRunnable
         runnableDebuggingMode = "0">
         <BuildableReference
            BuildableIdentifier = "primary"
            BlueprintIdentifier = "274505C22CFA4C60001A9F64"
            BuildableName = "corr"
            BlueprintName = "corr"
            ReferencedContainer = "container:MLU.xcodeproj">
         </BuildableReference>
      </BuildableProductRunnable>
      <CommandLineArguments>
         <CommandLineArgument
            argument = "-i /Volumes/QCD/tursa/semilep/data/M1/analyse/bootstrap/"
            isEnabled = "YES">
         </CommandLineArgument>
         <CommandLineArgument
            argument = "-o corr_raw/2ptp2/ 2ptp2/&apos;h*_s_p2_[0-2]_g5P_g5P.*.h5&apos;,per"
            isEnabled = "YES">
         </CommandLineArgument>
         <CommandLineArgument
            argument = "-o corr_raw/3sm_sp2/ 3sm_sp2/&apos;*_l_h*_gXYZ_dt_16_p2_0_ps2_[0-2]_g5P_g5P.*&apos;.h5,i"
            isEnabled = "NO">
         </CommandLineArgument>
         <CommandLineArgument
            argument = "-o test/corr/2ptp2/ test/bootstrap/2ptp2/&apos;*&apos;.h5,per"
            isEnabled = "NO">
         </CommandLineArgument>
         <CommandLineArgument
            argument = "-o test/corr/3pt_sp2/ -i test/bootstrap/3pt_sp2/&apos;*&apos; _gT_&apos;*&apos;.h5,r _gXYZ_&apos;*&apos;.h5,i"
            isEnabled = "NO">
         </CommandLineArgument>
      </CommandLineArguments>
      <EnvironmentVariables>
         <EnvironmentVariable
            key = "MLUFat"
            value = ""
            isEnabled = "NO">
         </EnvironmentVariable>
      </EnvironmentVariables>
   </LaunchAction>
   <ProfileAction
      buildConfiguration = "Release"
      shouldUseLaunchSchemeArgsEnv = "YES"
      savedToolIdentifier = ""
      useCustomWorkingDirectory = "NO"
      debugDocumentVersioning = "YES">
      <BuildableProductRunnable
         runnableDebuggingMode = "0">
         <BuildableReference
            BuildableIdentifier = "primary"
            BlueprintIdentifier = "274505C22CFA4C60001A9F64"
            BuildableName = "corr"
            BlueprintName = "corr"
            ReferencedContainer = "container:MLU.xcodeproj">
         </BuildableReference>
      </BuildableProductRunnable>
   </ProfileAction>
   <AnalyzeAction
      buildConfiguration = "Debug">
   </AnalyzeAction>
   <ArchiveAction
      buildConfiguration = "Release"
      revealArchiveInOrganizer = "YES">
   </ArchiveAction>
</Scheme>
