<?xml version="1.0" encoding="UTF-8"?>
<Scheme
   LastUpgradeVersion = "1410"
   version = "1.3">
   <BuildAction
      parallelizeBuildables = "YES"
      buildImplicitDependencies = "YES">
      <BuildActionEntries>
         <BuildActionEntry
            buildForTesting = "YES"
            buildForRunning = "YES"
            buildForProfiling = "YES"
            buildForArchiving = "YES"
            buildForAnalyzing = "YES">
            <BuildableReference
               BuildableIdentifier = "primary"
               BlueprintIdentifier = "278BA02F290ED52400960730"
               BuildableName = "GetColumn"
               BlueprintName = "GetColumn"
               ReferencedContainer = "container:MLU.xcodeproj">
            </BuildableReference>
         </BuildActionEntry>
      </BuildActionEntries>
   </BuildAction>
   <TestAction
      buildConfiguration = "Debug"
      selectedDebuggerIdentifier = "Xcode.DebuggerFoundation.Debugger.LLDB"
      selectedLauncherIdentifier = "Xcode.DebuggerFoundation.Launcher.LLDB"
      shouldUseLaunchSchemeArgsEnv = "YES">
      <Testables>
      </Testables>
   </TestAction>
   <LaunchAction
      buildConfiguration = "Debug"
      selectedDebuggerIdentifier = "Xcode.DebuggerFoundation.Debugger.LLDB"
      selectedLauncherIdentifier = "Xcode.DebuggerFoundation.Launcher.LLDB"
      launchStyle = "0"
      useCustomWorkingDirectory = "NO"
      ignoresPersistentStateOnLaunch = "NO"
      debugDocumentVersioning = "YES"
      debugServiceExtension = "internal"
      allowLocationSimulation = "YES"
      viewDebuggingEnabled = "No">
      <BuildableProductRunnable
         runnableDebuggingMode = "0">
         <BuildableReference
            BuildableIdentifier = "primary"
            BlueprintIdentifier = "278BA02F290ED52400960730"
            BuildableName = "GetColumn"
            BlueprintName = "GetColumn"
            ReferencedContainer = "container:MLU.xcodeproj">
         </BuildableReference>
      </BuildableProductRunnable>
      <CommandLineArguments>
         <CommandLineArgument
            argument = "--sig 3"
            isEnabled = "NO">
         </CommandLineArgument>
         <CommandLineArgument
            argument = "--partial=-E0"
            isEnabled = "YES">
         </CommandLineArgument>
         <CommandLineArgument
            argument = "--exact h385_s_p2_0-s_l_p2_1-MELgT"
            isEnabled = "NO">
         </CommandLineArgument>
         <CommandLineArgument
            argument = "-i $HOME/NoSync/"
            isEnabled = "YES">
         </CommandLineArgument>
         <CommandLineArgument
            argument = "F1M/MELFit/3sm_sp2/R3_l_h385_gT_p2_1.dt_24_28_32.corr_7_30_10_26_9_19_9_19_9_19_7_26_7_23.corr_13_28_13_29.renorm.corr_13_16_13_20_13_24.g5P_g5W.model.3285139232.h5"
            isEnabled = "YES">
         </CommandLineArgument>
      </CommandLineArguments>
   </LaunchAction>
   <ProfileAction
      buildConfiguration = "Release"
      shouldUseLaunchSchemeArgsEnv = "YES"
      savedToolIdentifier = ""
      useCustomWorkingDirectory = "NO"
      debugDocumentVersioning = "YES">
      <BuildableProductRunnable
         runnableDebuggingMode = "0">
         <BuildableReference
            BuildableIdentifier = "primary"
            BlueprintIdentifier = "278BA02F290ED52400960730"
            BuildableName = "GetColumn"
            BlueprintName = "GetColumn"
            ReferencedContainer = "container:MLU.xcodeproj">
         </BuildableReference>
      </BuildableProductRunnable>
   </ProfileAction>
   <AnalyzeAction
      buildConfiguration = "Debug">
   </AnalyzeAction>
   <ArchiveAction
      buildConfiguration = "Release"
      revealArchiveInOrganizer = "YES">
   </ArchiveAction>
</Scheme>
